// !$*UTF8*$!
{
	archiveVersion = 1;
	classes = {
	};
	objectVersion = 60;
	objects = {

/* Begin PBXBuildFile section */
		920823F42CA3D16400388AB2 /* tables.sql in Resources */ = {isa = PBXBuildFile; fileRef = 920823F32CA3D16400388AB2 /* tables.sql */; };
		920823F62CA498A200388AB2 /* CurrencyHistoryData.swift in Sources */ = {isa = PBXBuildFile; fileRef = 920823F52CA498A200388AB2 /* CurrencyHistoryData.swift */; };
		920823F82CA498B500388AB2 /* CurrencyHistoryRepository.swift in Sources */ = {isa = PBXBuildFile; fileRef = 920823F72CA498B500388AB2 /* CurrencyHistoryRepository.swift */; };
		920823FA2CA49A4B00388AB2 /* StockHistoryData.swift in Sources */ = {isa = PBXBuildFile; fileRef = 920823F92CA49A4B00388AB2 /* StockHistoryData.swift */; };
		920823FC2CA4A15C00388AB2 /* StockHistoryRepository.swift in Sources */ = {isa = PBXBuildFile; fileRef = 920823FB2CA4A15C00388AB2 /* StockHistoryRepository.swift */; };
		920823FE2CA4A3F700388AB2 /* TagData.swift in Sources */ = {isa = PBXBuildFile; fileRef = 920823FD2CA4A3F700388AB2 /* TagData.swift */; };
		920824002CA4A4AA00388AB2 /* TagRepository.swift in Sources */ = {isa = PBXBuildFile; fileRef = 920823FF2CA4A4AA00388AB2 /* TagRepository.swift */; };
		920824022CA4AD0C00388AB2 /* TransactionSplitData.swift in Sources */ = {isa = PBXBuildFile; fileRef = 920824012CA4AD0C00388AB2 /* TransactionSplitData.swift */; };
		920824042CA4ADC100388AB2 /* ScheduledSplitData.swift in Sources */ = {isa = PBXBuildFile; fileRef = 920824032CA4ADC100388AB2 /* ScheduledSplitData.swift */; };
		920824062CA4AE0A00388AB2 /* TransactionSplitRepository.swift in Sources */ = {isa = PBXBuildFile; fileRef = 920824052CA4AE0A00388AB2 /* TransactionSplitRepository.swift */; };
		920824082CA4B05700388AB2 /* ScheduledSplitRepository.swift in Sources */ = {isa = PBXBuildFile; fileRef = 920824072CA4B05700388AB2 /* ScheduledSplitRepository.swift */; };
		9208240A2CA4C2AD00388AB2 /* BudgetYearData.swift in Sources */ = {isa = PBXBuildFile; fileRef = 920824092CA4C2AD00388AB2 /* BudgetYearData.swift */; };
		9208240C2CA4C31B00388AB2 /* BudgetTableData.swift in Sources */ = {isa = PBXBuildFile; fileRef = 9208240B2CA4C31B00388AB2 /* BudgetTableData.swift */; };
		9208240E2CA4C4FA00388AB2 /* ReportData.swift in Sources */ = {isa = PBXBuildFile; fileRef = 9208240D2CA4C4FA00388AB2 /* ReportData.swift */; };
		920824102CA4C5CD00388AB2 /* BudgetYearRepository.swift in Sources */ = {isa = PBXBuildFile; fileRef = 9208240F2CA4C5CD00388AB2 /* BudgetYearRepository.swift */; };
		920824122CA4C6A400388AB2 /* BudgetTableRepository.swift in Sources */ = {isa = PBXBuildFile; fileRef = 920824112CA4C6A400388AB2 /* BudgetTableRepository.swift */; };
		920824162CA4C95F00388AB2 /* ReportRepository.swift in Sources */ = {isa = PBXBuildFile; fileRef = 920824152CA4C95F00388AB2 /* ReportRepository.swift */; };
		920824182CA4CF4300388AB2 /* AttachmentData.swift in Sources */ = {isa = PBXBuildFile; fileRef = 920824172CA4CF4300388AB2 /* AttachmentData.swift */; };
		9208241A2CA4D35700388AB2 /* AttachmentRepository.swift in Sources */ = {isa = PBXBuildFile; fileRef = 920824192CA4D35700388AB2 /* AttachmentRepository.swift */; };
		9208241C2CA4DFFC00388AB2 /* TransactionLinkData.swift in Sources */ = {isa = PBXBuildFile; fileRef = 9208241B2CA4DFFC00388AB2 /* TransactionLinkData.swift */; };
		9208241E2CA4E1C500388AB2 /* TransactionLinkRepository.swift in Sources */ = {isa = PBXBuildFile; fileRef = 9208241D2CA4E1C500388AB2 /* TransactionLinkRepository.swift */; };
		920824202CA4E5C200388AB2 /* TagLinkData.swift in Sources */ = {isa = PBXBuildFile; fileRef = 9208241F2CA4E5C200388AB2 /* TagLinkData.swift */; };
		920824222CA4E67200388AB2 /* TagLinkRepository.swift in Sources */ = {isa = PBXBuildFile; fileRef = 920824212CA4E67200388AB2 /* TagLinkRepository.swift */; };
		920824242CA5078900388AB2 /* TransactionShareData.swift in Sources */ = {isa = PBXBuildFile; fileRef = 920824232CA5078900388AB2 /* TransactionShareData.swift */; };
		920824262CA5082D00388AB2 /* TransactionShareRepository.swift in Sources */ = {isa = PBXBuildFile; fileRef = 920824252CA5082D00388AB2 /* TransactionShareRepository.swift */; };
		920824282CA60E8400388AB2 /* FieldData.swift in Sources */ = {isa = PBXBuildFile; fileRef = 920824272CA60E8400388AB2 /* FieldData.swift */; };
		9208242A2CA60FD900388AB2 /* FieldContentData.swift in Sources */ = {isa = PBXBuildFile; fileRef = 920824292CA60FD900388AB2 /* FieldContentData.swift */; };
		9208242C2CA615B400388AB2 /* FieldRepository.swift in Sources */ = {isa = PBXBuildFile; fileRef = 9208242B2CA615B400388AB2 /* FieldRepository.swift */; };
		9208242E2CA617FB00388AB2 /* FieldContentRepository.swift in Sources */ = {isa = PBXBuildFile; fileRef = 9208242D2CA617FB00388AB2 /* FieldContentRepository.swift */; };
		920824322CA6E32800388AB2 /* RepositoryProtocol.swift in Sources */ = {isa = PBXBuildFile; fileRef = 920824312CA6E32800388AB2 /* RepositoryProtocol.swift */; };
		924352E02CA9CC5A0052E4BC /* InsightsAccountView.swift in Sources */ = {isa = PBXBuildFile; fileRef = 924352DF2CA9CC5A0052E4BC /* InsightsAccountView.swift */; };
		924352E22CABD00C0052E4BC /* Cache.swift in Sources */ = {isa = PBXBuildFile; fileRef = 924352E12CABD00C0052E4BC /* Cache.swift */; };
		924352E82CAE1E480052E4BC /* StockDetailView.swift in Sources */ = {isa = PBXBuildFile; fileRef = 924352E42CAE1E480052E4BC /* StockDetailView.swift */; };
		924352E92CAE1E480052E4BC /* StockAddView.swift in Sources */ = {isa = PBXBuildFile; fileRef = 924352E32CAE1E480052E4BC /* StockAddView.swift */; };
		924352EA2CAE1E480052E4BC /* StockEditView.swift in Sources */ = {isa = PBXBuildFile; fileRef = 924352E52CAE1E480052E4BC /* StockEditView.swift */; };
		924352EB2CAE1E480052E4BC /* StockListView.swift in Sources */ = {isa = PBXBuildFile; fileRef = 924352E62CAE1E480052E4BC /* StockListView.swift */; };
		924352EE2CB060D80052E4BC /* Theme.swift in Sources */ = {isa = PBXBuildFile; fileRef = 924352ED2CB060D80052E4BC /* Theme.swift */; };
		924352F02CB061F10052E4BC /* FieldTheme.swift in Sources */ = {isa = PBXBuildFile; fileRef = 924352EF2CB061F10052E4BC /* FieldTheme.swift */; };
		924352F22CB0A93E0052E4BC /* TabTheme.swift in Sources */ = {isa = PBXBuildFile; fileRef = 924352F12CB0A93E0052E4BC /* TabTheme.swift */; };
		924352F52CB1C1400052E4BC /* GroupTheme.swift in Sources */ = {isa = PBXBuildFile; fileRef = 924352F42CB1C1400052E4BC /* GroupTheme.swift */; };
		924352FA2CB355CF0052E4BC /* SettingsThemeView.swift in Sources */ = {isa = PBXBuildFile; fileRef = 924352F92CB355CF0052E4BC /* SettingsThemeView.swift */; };
		924352FC2CB6F5D40052E4BC /* RepositoryListView.swift in Sources */ = {isa = PBXBuildFile; fileRef = 924352FB2CB6F5D40052E4BC /* RepositoryListView.swift */; };
		924352FF2CB99F1D0052E4BC /* SearchProtocol.swift in Sources */ = {isa = PBXBuildFile; fileRef = 924352FE2CB99F1D0052E4BC /* SearchProtocol.swift */; };
		924353012CBA06210052E4BC /* AccountReload.swift in Sources */ = {isa = PBXBuildFile; fileRef = 924353002CBA06210052E4BC /* AccountReload.swift */; };
		924353032CBB2AB90052E4BC /* ItemTheme.swift in Sources */ = {isa = PBXBuildFile; fileRef = 924353022CBB2AB90052E4BC /* ItemTheme.swift */; };
		924353052CC3B2E30052E4BC /* ViewModel.swift in Sources */ = {isa = PBXBuildFile; fileRef = 924353042CC3B2E30052E4BC /* ViewModel.swift */; };
		924353092CC4A2590052E4BC /* GroupProtocol.swift in Sources */ = {isa = PBXBuildFile; fileRef = 924353082CC4A2590052E4BC /* GroupProtocol.swift */; };
		9243530F2CC516B70052E4BC /* LoadMain.swift in Sources */ = {isa = PBXBuildFile; fileRef = 9243530D2CC516B70052E4BC /* LoadMain.swift */; };
		924353102CC516B70052E4BC /* LoadProtocol.swift in Sources */ = {isa = PBXBuildFile; fileRef = 9243530E2CC516B70052E4BC /* LoadProtocol.swift */; };
		924353152CC51F590052E4BC /* AssetReload.swift in Sources */ = {isa = PBXBuildFile; fileRef = 924353142CC51F590052E4BC /* AssetReload.swift */; };
		924353172CC51F8E0052E4BC /* StockReload.swift in Sources */ = {isa = PBXBuildFile; fileRef = 924353162CC51F8E0052E4BC /* StockReload.swift */; };
		924353192CC51FA00052E4BC /* PayeeReload.swift in Sources */ = {isa = PBXBuildFile; fileRef = 924353182CC51FA00052E4BC /* PayeeReload.swift */; };
		9243531B2CC51FB10052E4BC /* CurrencyReload.swift in Sources */ = {isa = PBXBuildFile; fileRef = 9243531A2CC51FB10052E4BC /* CurrencyReload.swift */; };
		9243531D2CC5201C0052E4BC /* ManageList.swift in Sources */ = {isa = PBXBuildFile; fileRef = 9243531C2CC5201C0052E4BC /* ManageList.swift */; };
		924353212CC6EFA70052E4BC /* LoadAux.swift in Sources */ = {isa = PBXBuildFile; fileRef = 924353202CC6EFA70052E4BC /* LoadAux.swift */; };
		924353272CCAD2780052E4BC /* LoadState.swift in Sources */ = {isa = PBXBuildFile; fileRef = 924353262CCAD2780052E4BC /* LoadState.swift */; };
		9243532F2CCD2C140052E4BC /* CurrencyGroup.swift in Sources */ = {isa = PBXBuildFile; fileRef = 9243532E2CCD2C140052E4BC /* CurrencyGroup.swift */; };
		924353312CCD2CF40052E4BC /* AccountGroup.swift in Sources */ = {isa = PBXBuildFile; fileRef = 924353302CCD2CF40052E4BC /* AccountGroup.swift */; };
		924353332CCD2D580052E4BC /* AssetGroup.swift in Sources */ = {isa = PBXBuildFile; fileRef = 924353322CCD2D580052E4BC /* AssetGroup.swift */; };
		924353352CCD2DA90052E4BC /* StockGroup.swift in Sources */ = {isa = PBXBuildFile; fileRef = 924353342CCD2DA90052E4BC /* StockGroup.swift */; };
		924353372CCD2DDA0052E4BC /* PayeeGroup.swift in Sources */ = {isa = PBXBuildFile; fileRef = 924353362CCD2DDA0052E4BC /* PayeeGroup.swift */; };
		924353392CCD2F310052E4BC /* CurrencySearch.swift in Sources */ = {isa = PBXBuildFile; fileRef = 924353382CCD2F310052E4BC /* CurrencySearch.swift */; };
		9243533B2CCD2F610052E4BC /* AccountSearch.swift in Sources */ = {isa = PBXBuildFile; fileRef = 9243533A2CCD2F610052E4BC /* AccountSearch.swift */; };
		9243533D2CCD2F990052E4BC /* AssetSearch.swift in Sources */ = {isa = PBXBuildFile; fileRef = 9243533C2CCD2F990052E4BC /* AssetSearch.swift */; };
		9243533F2CCD2FC90052E4BC /* StockSearch.swift in Sources */ = {isa = PBXBuildFile; fileRef = 9243533E2CCD2FC90052E4BC /* StockSearch.swift */; };
		924353412CCD2FFA0052E4BC /* PayeeSearch.swift in Sources */ = {isa = PBXBuildFile; fileRef = 924353402CCD2FFA0052E4BC /* PayeeSearch.swift */; };
		924353472CCD353A0052E4BC /* ListProtocol.swift in Sources */ = {isa = PBXBuildFile; fileRef = 924353462CCD353A0052E4BC /* ListProtocol.swift */; };
		924353492CCD36890052E4BC /* CurrencyList.swift in Sources */ = {isa = PBXBuildFile; fileRef = 924353482CCD36890052E4BC /* CurrencyList.swift */; };
		9243534B2CCD37AE0052E4BC /* AccountList.swift in Sources */ = {isa = PBXBuildFile; fileRef = 9243534A2CCD37AE0052E4BC /* AccountList.swift */; };
		9243534D2CCD38830052E4BC /* AssetList.swift in Sources */ = {isa = PBXBuildFile; fileRef = 9243534C2CCD38830052E4BC /* AssetList.swift */; };
		9243534F2CCD39290052E4BC /* StockList.swift in Sources */ = {isa = PBXBuildFile; fileRef = 9243534E2CCD39290052E4BC /* StockList.swift */; };
		924353512CCD39850052E4BC /* PayeeList.swift in Sources */ = {isa = PBXBuildFile; fileRef = 924353502CCD39850052E4BC /* PayeeList.swift */; };
		925EAB932CCD7386003CEAB3 /* RepositoryCreateView.swift in Sources */ = {isa = PBXBuildFile; fileRef = 925EAB922CCD7386003CEAB3 /* RepositoryCreateView.swift */; };
		925EAB952CCD8341003CEAB3 /* RepositoryReadView.swift in Sources */ = {isa = PBXBuildFile; fileRef = 925EAB942CCD8341003CEAB3 /* RepositoryReadView.swift */; };
		925EAB972CCD846C003CEAB3 /* RepositoryUpdateView.swift in Sources */ = {isa = PBXBuildFile; fileRef = 925EAB962CCD846C003CEAB3 /* RepositoryUpdateView.swift */; };
		925EAB9B2CCDB60B003CEAB3 /* CategoryList.swift in Sources */ = {isa = PBXBuildFile; fileRef = 925EAB9A2CCDB60B003CEAB3 /* CategoryList.swift */; };
		925EAB9D2CCDD67C003CEAB3 /* CategoryGroup.swift in Sources */ = {isa = PBXBuildFile; fileRef = 925EAB9C2CCDD67C003CEAB3 /* CategoryGroup.swift */; };
		925EAB9F2CCDDD77003CEAB3 /* CategorySearch.swift in Sources */ = {isa = PBXBuildFile; fileRef = 925EAB9E2CCDDD77003CEAB3 /* CategorySearch.swift */; };
		925EABA12CCDDFFE003CEAB3 /* CategoryReload.swift in Sources */ = {isa = PBXBuildFile; fileRef = 925EABA02CCDDFFE003CEAB3 /* CategoryReload.swift */; };
		925EABA32CCF8146003CEAB3 /* CurrencyValidation.swift in Sources */ = {isa = PBXBuildFile; fileRef = 925EABA22CCF8146003CEAB3 /* CurrencyValidation.swift */; };
		925EABA62CCF81C9003CEAB3 /* AccountValidation.swift in Sources */ = {isa = PBXBuildFile; fileRef = 925EABA52CCF81C9003CEAB3 /* AccountValidation.swift */; };
		925EABA82CCF81FF003CEAB3 /* AssetValidation.swift in Sources */ = {isa = PBXBuildFile; fileRef = 925EABA72CCF81FF003CEAB3 /* AssetValidation.swift */; };
		925EABAA2CCF8236003CEAB3 /* StockValidation.swift in Sources */ = {isa = PBXBuildFile; fileRef = 925EABA92CCF8236003CEAB3 /* StockValidation.swift */; };
		925EABAC2CCF826F003CEAB3 /* CategoryValidation.swift in Sources */ = {isa = PBXBuildFile; fileRef = 925EABAB2CCF826F003CEAB3 /* CategoryValidation.swift */; };
		925EABAE2CCF8293003CEAB3 /* PayeeValidation.swift in Sources */ = {isa = PBXBuildFile; fileRef = 925EABAD2CCF8293003CEAB3 /* PayeeValidation.swift */; };
		925EABB02CCF82E4003CEAB3 /* Validation.swift in Sources */ = {isa = PBXBuildFile; fileRef = 925EABAF2CCF82E4003CEAB3 /* Validation.swift */; };
		925EABB22CCFFC2E003CEAB3 /* Reload.swift in Sources */ = {isa = PBXBuildFile; fileRef = 925EABB12CCFFC2E003CEAB3 /* Reload.swift */; };
		929EF65F2C9FF2DE0051A3E6 /* AssetData.swift in Sources */ = {isa = PBXBuildFile; fileRef = 929EF65E2C9FF2DE0051A3E6 /* AssetData.swift */; };
		929EF6612C9FF2FD0051A3E6 /* StockData.swift in Sources */ = {isa = PBXBuildFile; fileRef = 929EF6602C9FF2FD0051A3E6 /* StockData.swift */; };
		929EF6632C9FF3ED0051A3E6 /* AssetRepository.swift in Sources */ = {isa = PBXBuildFile; fileRef = 929EF6622C9FF3ED0051A3E6 /* AssetRepository.swift */; };
		929EF6652C9FF3FB0051A3E6 /* StockRepository.swift in Sources */ = {isa = PBXBuildFile; fileRef = 929EF6642C9FF3FB0051A3E6 /* StockRepository.swift */; };
		929EF6692CA034770051A3E6 /* Repository.swift in Sources */ = {isa = PBXBuildFile; fileRef = 929EF6682CA034770051A3E6 /* Repository.swift */; };
		929EF66B2CA03AF90051A3E6 /* Data.swift in Sources */ = {isa = PBXBuildFile; fileRef = 929EF66A2CA03AF90051A3E6 /* Data.swift */; };
		929EF66D2CA0BA5E0051A3E6 /* ScheduledData.swift in Sources */ = {isa = PBXBuildFile; fileRef = 929EF66C2CA0BA5E0051A3E6 /* ScheduledData.swift */; };
		929EF66F2CA0BC2D0051A3E6 /* ScheduledRepository.swift in Sources */ = {isa = PBXBuildFile; fileRef = 929EF66E2CA0BC2D0051A3E6 /* ScheduledRepository.swift */; };
		929EF6712CA3676B0051A3E6 /* MMEXDocument.swift in Sources */ = {isa = PBXBuildFile; fileRef = 929EF6702CA3676B0051A3E6 /* MMEXDocument.swift */; };
		A30061782CA3B68300011B1A /* AssetEditView.swift in Sources */ = {isa = PBXBuildFile; fileRef = A30061772CA3B68300011B1A /* AssetEditView.swift */; };
		A32AAED62CC3FD23005B4AEF /* Localizable.xcstrings in Resources */ = {isa = PBXBuildFile; fileRef = A32AAED52CC3FD23005B4AEF /* Localizable.xcstrings */; };
		A3363EE32C9323A5004696C7 /* CategoryEditView.swift in Sources */ = {isa = PBXBuildFile; fileRef = A3363EE22C9323A5004696C7 /* CategoryEditView.swift */; };
		A3363EE52C9323D2004696C7 /* CategoryDetailView.swift in Sources */ = {isa = PBXBuildFile; fileRef = A3363EE42C9323D2004696C7 /* CategoryDetailView.swift */; };
		A3363EE72C93249D004696C7 /* CategoryAddView.swift in Sources */ = {isa = PBXBuildFile; fileRef = A3363EE62C93249D004696C7 /* CategoryAddView.swift */; };
		A3363EE92C9326A1004696C7 /* CategoryListView.swift in Sources */ = {isa = PBXBuildFile; fileRef = A3363EE82C9326A1004696C7 /* CategoryListView.swift */; };
		A3363EEB2C93BF62004696C7 /* CurrencyRepository.swift in Sources */ = {isa = PBXBuildFile; fileRef = A3363EEA2C93BF62004696C7 /* CurrencyRepository.swift */; };
		A33742882CA8E55400698466 /* IncomeExpenseView.swift in Sources */ = {isa = PBXBuildFile; fileRef = A33742872CA8E55400698466 /* IncomeExpenseView.swift */; };
		A337428A2CA8E72C00698466 /* InsightsSummary.swift in Sources */ = {isa = PBXBuildFile; fileRef = A33742892CA8E72C00698466 /* InsightsSummary.swift */; };
		A3462F642C9426F500F79145 /* InsightsViewModel.swift in Sources */ = {isa = PBXBuildFile; fileRef = A3462F632C9426F500F79145 /* InsightsViewModel.swift */; };
		A3462F662C94854800F79145 /* ExportableEntity.swift in Sources */ = {isa = PBXBuildFile; fileRef = A3462F652C94854800F79145 /* ExportableEntity.swift */; };
		A3462F6A2C948CDB00F79145 /* ExportableEntityDocument.swift in Sources */ = {isa = PBXBuildFile; fileRef = A3462F692C948CDB00F79145 /* ExportableEntityDocument.swift */; };
		A350BDC12CA26415006669D5 /* TransactionViewModel.swift in Sources */ = {isa = PBXBuildFile; fileRef = A350BDC02CA26415006669D5 /* TransactionViewModel.swift */; };
		A379C1A92CA3B9EB00CC8E2C /* AssetListView.swift in Sources */ = {isa = PBXBuildFile; fileRef = A379C1A82CA3B9EB00CC8E2C /* AssetListView.swift */; };
		A37E7D842C9AC14800B4ECFC /* ManageView.swift in Sources */ = {isa = PBXBuildFile; fileRef = A37E7D832C9AC14800B4ECFC /* ManageView.swift */; };
		A37E7D862C9AC2D000B4ECFC /* AboutView.swift in Sources */ = {isa = PBXBuildFile; fileRef = A37E7D852C9AC2D000B4ECFC /* AboutView.swift */; };
		A37E7D882C9AC2E600B4ECFC /* VersionInfoView.swift in Sources */ = {isa = PBXBuildFile; fileRef = A37E7D872C9AC2E600B4ECFC /* VersionInfoView.swift */; };
		A37E7D8A2C9AC30700B4ECFC /* HelpFAQView.swift in Sources */ = {isa = PBXBuildFile; fileRef = A37E7D892C9AC30700B4ECFC /* HelpFAQView.swift */; };
		A37E7D8C2C9AC36800B4ECFC /* LegalView.swift in Sources */ = {isa = PBXBuildFile; fileRef = A37E7D8B2C9AC36800B4ECFC /* LegalView.swift */; };
		A37E7D8E2C9AC4C900B4ECFC /* PrivacyPolicyView.swift in Sources */ = {isa = PBXBuildFile; fileRef = A37E7D8D2C9AC4C900B4ECFC /* PrivacyPolicyView.swift */; };
		A37E7D902C9AC4F300B4ECFC /* TermsOfServiceView.swift in Sources */ = {isa = PBXBuildFile; fileRef = A37E7D8F2C9AC4F300B4ECFC /* TermsOfServiceView.swift */; };
		A37E7D922C9AC60000B4ECFC /* ContactSupportView.swift in Sources */ = {isa = PBXBuildFile; fileRef = A37E7D912C9AC60000B4ECFC /* ContactSupportView.swift */; };
		A37E7D942C9B217500B4ECFC /* InfotableData.swift in Sources */ = {isa = PBXBuildFile; fileRef = A37E7D932C9B217500B4ECFC /* InfotableData.swift */; };
		A37E7D962C9B219400B4ECFC /* InfotableRepository.swift in Sources */ = {isa = PBXBuildFile; fileRef = A37E7D952C9B219400B4ECFC /* InfotableRepository.swift */; };
		A39B1B362C99A0C2003E5562 /* CurrencyEditView.swift in Sources */ = {isa = PBXBuildFile; fileRef = A39B1B352C99A0C2003E5562 /* CurrencyEditView.swift */; };
		A39B1B382C99A0D8003E5562 /* CurrencyListView.swift in Sources */ = {isa = PBXBuildFile; fileRef = A39B1B372C99A0D8003E5562 /* CurrencyListView.swift */; };
		A3B374C52C96A23E00943FDB /* SQLite in Frameworks */ = {isa = PBXBuildFile; productRef = A3B374C42C96A23E00943FDB /* SQLite */; };
		A3B374C72C96A27800943FDB /* SQLite in Frameworks */ = {isa = PBXBuildFile; productRef = A3B374C62C96A27800943FDB /* SQLite */; };
		A3C1422B2C89751500D3CEC0 /* MMEXApp.swift in Sources */ = {isa = PBXBuildFile; fileRef = A3C1422A2C89751500D3CEC0 /* MMEXApp.swift */; };
		A3C1422D2C89751500D3CEC0 /* ContentView.swift in Sources */ = {isa = PBXBuildFile; fileRef = A3C1422C2C89751500D3CEC0 /* ContentView.swift */; };
		A3C1422F2C89751600D3CEC0 /* Assets.xcassets in Resources */ = {isa = PBXBuildFile; fileRef = A3C1422E2C89751600D3CEC0 /* Assets.xcassets */; };
		A3C142322C89751600D3CEC0 /* Preview Assets.xcassets in Resources */ = {isa = PBXBuildFile; fileRef = A3C142312C89751600D3CEC0 /* Preview Assets.xcassets */; };
		A3C1423A2C89754C00D3CEC0 /* SQLite in Frameworks */ = {isa = PBXBuildFile; productRef = A3C142392C89754C00D3CEC0 /* SQLite */; };
		A3C1423E2C89760600D3CEC0 /* AccountListView.swift in Sources */ = {isa = PBXBuildFile; fileRef = A3C1423D2C89760600D3CEC0 /* AccountListView.swift */; };
		A3C142442C89C8FA00D3CEC0 /* AccountData.swift in Sources */ = {isa = PBXBuildFile; fileRef = A3C142432C89C8FA00D3CEC0 /* AccountData.swift */; };
		A3C1424C2C8AB52600D3CEC0 /* CurrencyData.swift in Sources */ = {isa = PBXBuildFile; fileRef = A3C1424B2C8AB52600D3CEC0 /* CurrencyData.swift */; };
		A3C1424E2C8B335900D3CEC0 /* PayeeData.swift in Sources */ = {isa = PBXBuildFile; fileRef = A3C1424D2C8B335900D3CEC0 /* PayeeData.swift */; };
		A3C142502C8B366400D3CEC0 /* PayeeListView.swift in Sources */ = {isa = PBXBuildFile; fileRef = A3C1424F2C8B366400D3CEC0 /* PayeeListView.swift */; };
		A3C142522C8B37E700D3CEC0 /* PayeeDetailView.swift in Sources */ = {isa = PBXBuildFile; fileRef = A3C142512C8B37E700D3CEC0 /* PayeeDetailView.swift */; };
		A3C142542C8B381400D3CEC0 /* PayeeEditView.swift in Sources */ = {isa = PBXBuildFile; fileRef = A3C142532C8B381400D3CEC0 /* PayeeEditView.swift */; };
		A3C1425F2C8DE70300D3CEC0 /* EnvironmentManager.swift in Sources */ = {isa = PBXBuildFile; fileRef = A3C1425E2C8DE70300D3CEC0 /* EnvironmentManager.swift */; };
		A3C142612C8E9DBF00D3CEC0 /* PayeeAddView.swift in Sources */ = {isa = PBXBuildFile; fileRef = A3C142602C8E9DBF00D3CEC0 /* PayeeAddView.swift */; };
		A3C142652C8ED8EA00D3CEC0 /* AccountEditView.swift in Sources */ = {isa = PBXBuildFile; fileRef = A3C142642C8ED8EA00D3CEC0 /* AccountEditView.swift */; };
		A3C142672C8F2AF500D3CEC0 /* TransactionData.swift in Sources */ = {isa = PBXBuildFile; fileRef = A3C142662C8F2AF500D3CEC0 /* TransactionData.swift */; };
		A3C142922C8FE11700D3CEC0 /* AccountRepository.swift in Sources */ = {isa = PBXBuildFile; fileRef = A3C142912C8FE11700D3CEC0 /* AccountRepository.swift */; };
		A3C142942C8FE13E00D3CEC0 /* PayeeRepository.swift in Sources */ = {isa = PBXBuildFile; fileRef = A3C142932C8FE13E00D3CEC0 /* PayeeRepository.swift */; };
		A3C142962C8FE15E00D3CEC0 /* TransactionRepository.swift in Sources */ = {isa = PBXBuildFile; fileRef = A3C142952C8FE15E00D3CEC0 /* TransactionRepository.swift */; };
		A3C142982C8FE62200D3CEC0 /* TransactionListView.swift in Sources */ = {isa = PBXBuildFile; fileRef = A3C142972C8FE62200D3CEC0 /* TransactionListView.swift */; };
		A3C1429A2C8FF77D00D3CEC0 /* TransactionDetailView.swift in Sources */ = {isa = PBXBuildFile; fileRef = A3C142992C8FF77D00D3CEC0 /* TransactionDetailView.swift */; };
		A3C1429E2C8FFCF100D3CEC0 /* TransactionAddView.swift in Sources */ = {isa = PBXBuildFile; fileRef = A3C1429D2C8FFCF100D3CEC0 /* TransactionAddView.swift */; };
		A3C142A02C9025D600D3CEC0 /* CategoryData.swift in Sources */ = {isa = PBXBuildFile; fileRef = A3C1429F2C9025D600D3CEC0 /* CategoryData.swift */; };
		A3C142A22C90267F00D3CEC0 /* CategoryRepository.swift in Sources */ = {isa = PBXBuildFile; fileRef = A3C142A12C90267F00D3CEC0 /* CategoryRepository.swift */; };
		A3C142A42C9033E300D3CEC0 /* SettingsView.swift in Sources */ = {isa = PBXBuildFile; fileRef = A3C142A32C9033E300D3CEC0 /* SettingsView.swift */; };
		A3C142A62C90417700D3CEC0 /* EnterView.swift in Sources */ = {isa = PBXBuildFile; fileRef = A3C142A52C90417700D3CEC0 /* EnterView.swift */; };
		A3C142A82C906E0A00D3CEC0 /* CustomNumberPadView.swift in Sources */ = {isa = PBXBuildFile; fileRef = A3C142A72C906E0A00D3CEC0 /* CustomNumberPadView.swift */; };
		A3C142AA2C90721800D3CEC0 /* CheckingView.swift in Sources */ = {isa = PBXBuildFile; fileRef = A3C142A92C90721800D3CEC0 /* CheckingView.swift */; };
		A3C142AC2C909C1C00D3CEC0 /* TransactionEditView.swift in Sources */ = {isa = PBXBuildFile; fileRef = A3C142AB2C909C1C00D3CEC0 /* TransactionEditView.swift */; };
		A3C142AE2C9134DD00D3CEC0 /* InsightsView.swift in Sources */ = {isa = PBXBuildFile; fileRef = A3C142AD2C9134DD00D3CEC0 /* InsightsView.swift */; };
/* End PBXBuildFile section */

/* Begin PBXFileReference section */
		920823F32CA3D16400388AB2 /* tables.sql */ = {isa = PBXFileReference; lastKnownFileType = text; path = tables.sql; sourceTree = "<group>"; };
		920823F52CA498A200388AB2 /* CurrencyHistoryData.swift */ = {isa = PBXFileReference; fileEncoding = 4; lastKnownFileType = sourcecode.swift; path = CurrencyHistoryData.swift; sourceTree = "<group>"; };
		920823F72CA498B500388AB2 /* CurrencyHistoryRepository.swift */ = {isa = PBXFileReference; fileEncoding = 4; lastKnownFileType = sourcecode.swift; path = CurrencyHistoryRepository.swift; sourceTree = "<group>"; };
		920823F92CA49A4B00388AB2 /* StockHistoryData.swift */ = {isa = PBXFileReference; fileEncoding = 4; lastKnownFileType = sourcecode.swift; path = StockHistoryData.swift; sourceTree = "<group>"; };
		920823FB2CA4A15C00388AB2 /* StockHistoryRepository.swift */ = {isa = PBXFileReference; fileEncoding = 4; lastKnownFileType = sourcecode.swift; path = StockHistoryRepository.swift; sourceTree = "<group>"; };
		920823FD2CA4A3F700388AB2 /* TagData.swift */ = {isa = PBXFileReference; fileEncoding = 4; lastKnownFileType = sourcecode.swift; path = TagData.swift; sourceTree = "<group>"; };
		920823FF2CA4A4AA00388AB2 /* TagRepository.swift */ = {isa = PBXFileReference; fileEncoding = 4; lastKnownFileType = sourcecode.swift; path = TagRepository.swift; sourceTree = "<group>"; };
		920824012CA4AD0C00388AB2 /* TransactionSplitData.swift */ = {isa = PBXFileReference; fileEncoding = 4; lastKnownFileType = sourcecode.swift; path = TransactionSplitData.swift; sourceTree = "<group>"; };
		920824032CA4ADC100388AB2 /* ScheduledSplitData.swift */ = {isa = PBXFileReference; fileEncoding = 4; lastKnownFileType = sourcecode.swift; path = ScheduledSplitData.swift; sourceTree = "<group>"; };
		920824052CA4AE0A00388AB2 /* TransactionSplitRepository.swift */ = {isa = PBXFileReference; fileEncoding = 4; lastKnownFileType = sourcecode.swift; path = TransactionSplitRepository.swift; sourceTree = "<group>"; };
		920824072CA4B05700388AB2 /* ScheduledSplitRepository.swift */ = {isa = PBXFileReference; fileEncoding = 4; lastKnownFileType = sourcecode.swift; path = ScheduledSplitRepository.swift; sourceTree = "<group>"; };
		920824092CA4C2AD00388AB2 /* BudgetYearData.swift */ = {isa = PBXFileReference; fileEncoding = 4; lastKnownFileType = sourcecode.swift; path = BudgetYearData.swift; sourceTree = "<group>"; };
		9208240B2CA4C31B00388AB2 /* BudgetTableData.swift */ = {isa = PBXFileReference; fileEncoding = 4; lastKnownFileType = sourcecode.swift; path = BudgetTableData.swift; sourceTree = "<group>"; };
		9208240D2CA4C4FA00388AB2 /* ReportData.swift */ = {isa = PBXFileReference; fileEncoding = 4; lastKnownFileType = sourcecode.swift; path = ReportData.swift; sourceTree = "<group>"; };
		9208240F2CA4C5CD00388AB2 /* BudgetYearRepository.swift */ = {isa = PBXFileReference; fileEncoding = 4; lastKnownFileType = sourcecode.swift; path = BudgetYearRepository.swift; sourceTree = "<group>"; };
		920824112CA4C6A400388AB2 /* BudgetTableRepository.swift */ = {isa = PBXFileReference; fileEncoding = 4; lastKnownFileType = sourcecode.swift; path = BudgetTableRepository.swift; sourceTree = "<group>"; };
		920824152CA4C95F00388AB2 /* ReportRepository.swift */ = {isa = PBXFileReference; fileEncoding = 4; lastKnownFileType = sourcecode.swift; path = ReportRepository.swift; sourceTree = "<group>"; };
		920824172CA4CF4300388AB2 /* AttachmentData.swift */ = {isa = PBXFileReference; fileEncoding = 4; lastKnownFileType = sourcecode.swift; path = AttachmentData.swift; sourceTree = "<group>"; };
		920824192CA4D35700388AB2 /* AttachmentRepository.swift */ = {isa = PBXFileReference; fileEncoding = 4; lastKnownFileType = sourcecode.swift; path = AttachmentRepository.swift; sourceTree = "<group>"; };
		9208241B2CA4DFFC00388AB2 /* TransactionLinkData.swift */ = {isa = PBXFileReference; fileEncoding = 4; lastKnownFileType = sourcecode.swift; path = TransactionLinkData.swift; sourceTree = "<group>"; };
		9208241D2CA4E1C500388AB2 /* TransactionLinkRepository.swift */ = {isa = PBXFileReference; fileEncoding = 4; lastKnownFileType = sourcecode.swift; path = TransactionLinkRepository.swift; sourceTree = "<group>"; };
		9208241F2CA4E5C200388AB2 /* TagLinkData.swift */ = {isa = PBXFileReference; fileEncoding = 4; lastKnownFileType = sourcecode.swift; path = TagLinkData.swift; sourceTree = "<group>"; };
		920824212CA4E67200388AB2 /* TagLinkRepository.swift */ = {isa = PBXFileReference; fileEncoding = 4; lastKnownFileType = sourcecode.swift; path = TagLinkRepository.swift; sourceTree = "<group>"; };
		920824232CA5078900388AB2 /* TransactionShareData.swift */ = {isa = PBXFileReference; fileEncoding = 4; lastKnownFileType = sourcecode.swift; path = TransactionShareData.swift; sourceTree = "<group>"; };
		920824252CA5082D00388AB2 /* TransactionShareRepository.swift */ = {isa = PBXFileReference; fileEncoding = 4; lastKnownFileType = sourcecode.swift; path = TransactionShareRepository.swift; sourceTree = "<group>"; };
		920824272CA60E8400388AB2 /* FieldData.swift */ = {isa = PBXFileReference; fileEncoding = 4; lastKnownFileType = sourcecode.swift; path = FieldData.swift; sourceTree = "<group>"; };
		920824292CA60FD900388AB2 /* FieldContentData.swift */ = {isa = PBXFileReference; fileEncoding = 4; lastKnownFileType = sourcecode.swift; path = FieldContentData.swift; sourceTree = "<group>"; };
		9208242B2CA615B400388AB2 /* FieldRepository.swift */ = {isa = PBXFileReference; fileEncoding = 4; lastKnownFileType = sourcecode.swift; path = FieldRepository.swift; sourceTree = "<group>"; };
		9208242D2CA617FB00388AB2 /* FieldContentRepository.swift */ = {isa = PBXFileReference; fileEncoding = 4; lastKnownFileType = sourcecode.swift; path = FieldContentRepository.swift; sourceTree = "<group>"; };
		920824312CA6E32800388AB2 /* RepositoryProtocol.swift */ = {isa = PBXFileReference; fileEncoding = 4; lastKnownFileType = sourcecode.swift; path = RepositoryProtocol.swift; sourceTree = "<group>"; };
		924352DF2CA9CC5A0052E4BC /* InsightsAccountView.swift */ = {isa = PBXFileReference; fileEncoding = 4; lastKnownFileType = sourcecode.swift; path = InsightsAccountView.swift; sourceTree = "<group>"; };
		924352E12CABD00C0052E4BC /* Cache.swift */ = {isa = PBXFileReference; fileEncoding = 4; lastKnownFileType = sourcecode.swift; path = Cache.swift; sourceTree = "<group>"; };
		924352E32CAE1E480052E4BC /* StockAddView.swift */ = {isa = PBXFileReference; lastKnownFileType = sourcecode.swift; path = StockAddView.swift; sourceTree = "<group>"; };
		924352E42CAE1E480052E4BC /* StockDetailView.swift */ = {isa = PBXFileReference; lastKnownFileType = sourcecode.swift; path = StockDetailView.swift; sourceTree = "<group>"; };
		924352E52CAE1E480052E4BC /* StockEditView.swift */ = {isa = PBXFileReference; lastKnownFileType = sourcecode.swift; path = StockEditView.swift; sourceTree = "<group>"; };
		924352E62CAE1E480052E4BC /* StockListView.swift */ = {isa = PBXFileReference; lastKnownFileType = sourcecode.swift; path = StockListView.swift; sourceTree = "<group>"; };
		924352ED2CB060D80052E4BC /* Theme.swift */ = {isa = PBXFileReference; fileEncoding = 4; lastKnownFileType = sourcecode.swift; path = Theme.swift; sourceTree = "<group>"; };
		924352EF2CB061F10052E4BC /* FieldTheme.swift */ = {isa = PBXFileReference; fileEncoding = 4; lastKnownFileType = sourcecode.swift; path = FieldTheme.swift; sourceTree = "<group>"; };
		924352F12CB0A93E0052E4BC /* TabTheme.swift */ = {isa = PBXFileReference; fileEncoding = 4; lastKnownFileType = sourcecode.swift; path = TabTheme.swift; sourceTree = "<group>"; };
		924352F42CB1C1400052E4BC /* GroupTheme.swift */ = {isa = PBXFileReference; fileEncoding = 4; lastKnownFileType = sourcecode.swift; path = GroupTheme.swift; sourceTree = "<group>"; };
		924352F92CB355CF0052E4BC /* SettingsThemeView.swift */ = {isa = PBXFileReference; fileEncoding = 4; lastKnownFileType = sourcecode.swift; path = SettingsThemeView.swift; sourceTree = "<group>"; };
		924352FB2CB6F5D40052E4BC /* RepositoryListView.swift */ = {isa = PBXFileReference; fileEncoding = 4; lastKnownFileType = sourcecode.swift; path = RepositoryListView.swift; sourceTree = "<group>"; };
		924352FE2CB99F1D0052E4BC /* SearchProtocol.swift */ = {isa = PBXFileReference; fileEncoding = 4; lastKnownFileType = sourcecode.swift; path = SearchProtocol.swift; sourceTree = "<group>"; };
		924353002CBA06210052E4BC /* AccountReload.swift */ = {isa = PBXFileReference; fileEncoding = 4; lastKnownFileType = sourcecode.swift; path = AccountReload.swift; sourceTree = "<group>"; };
		924353022CBB2AB90052E4BC /* ItemTheme.swift */ = {isa = PBXFileReference; fileEncoding = 4; lastKnownFileType = sourcecode.swift; path = ItemTheme.swift; sourceTree = "<group>"; };
		924353042CC3B2E30052E4BC /* ViewModel.swift */ = {isa = PBXFileReference; fileEncoding = 4; lastKnownFileType = sourcecode.swift; path = ViewModel.swift; sourceTree = "<group>"; };
		924353082CC4A2590052E4BC /* GroupProtocol.swift */ = {isa = PBXFileReference; fileEncoding = 4; lastKnownFileType = sourcecode.swift; path = GroupProtocol.swift; sourceTree = "<group>"; };
		9243530D2CC516B70052E4BC /* LoadMain.swift */ = {isa = PBXFileReference; lastKnownFileType = sourcecode.swift; path = LoadMain.swift; sourceTree = "<group>"; };
		9243530E2CC516B70052E4BC /* LoadProtocol.swift */ = {isa = PBXFileReference; lastKnownFileType = sourcecode.swift; path = LoadProtocol.swift; sourceTree = "<group>"; };
		924353142CC51F590052E4BC /* AssetReload.swift */ = {isa = PBXFileReference; fileEncoding = 4; lastKnownFileType = sourcecode.swift; path = AssetReload.swift; sourceTree = "<group>"; };
		924353162CC51F8E0052E4BC /* StockReload.swift */ = {isa = PBXFileReference; fileEncoding = 4; lastKnownFileType = sourcecode.swift; path = StockReload.swift; sourceTree = "<group>"; };
		924353182CC51FA00052E4BC /* PayeeReload.swift */ = {isa = PBXFileReference; fileEncoding = 4; lastKnownFileType = sourcecode.swift; path = PayeeReload.swift; sourceTree = "<group>"; };
		9243531A2CC51FB10052E4BC /* CurrencyReload.swift */ = {isa = PBXFileReference; fileEncoding = 4; lastKnownFileType = sourcecode.swift; path = CurrencyReload.swift; sourceTree = "<group>"; };
		9243531C2CC5201C0052E4BC /* ManageList.swift */ = {isa = PBXFileReference; fileEncoding = 4; lastKnownFileType = sourcecode.swift; path = ManageList.swift; sourceTree = "<group>"; };
		924353202CC6EFA70052E4BC /* LoadAux.swift */ = {isa = PBXFileReference; fileEncoding = 4; lastKnownFileType = sourcecode.swift; path = LoadAux.swift; sourceTree = "<group>"; };
		924353262CCAD2780052E4BC /* LoadState.swift */ = {isa = PBXFileReference; fileEncoding = 4; lastKnownFileType = sourcecode.swift; path = LoadState.swift; sourceTree = "<group>"; };
		9243532E2CCD2C140052E4BC /* CurrencyGroup.swift */ = {isa = PBXFileReference; fileEncoding = 4; lastKnownFileType = sourcecode.swift; path = CurrencyGroup.swift; sourceTree = "<group>"; };
		924353302CCD2CF40052E4BC /* AccountGroup.swift */ = {isa = PBXFileReference; fileEncoding = 4; lastKnownFileType = sourcecode.swift; path = AccountGroup.swift; sourceTree = "<group>"; };
		924353322CCD2D580052E4BC /* AssetGroup.swift */ = {isa = PBXFileReference; fileEncoding = 4; lastKnownFileType = sourcecode.swift; path = AssetGroup.swift; sourceTree = "<group>"; };
		924353342CCD2DA90052E4BC /* StockGroup.swift */ = {isa = PBXFileReference; fileEncoding = 4; lastKnownFileType = sourcecode.swift; path = StockGroup.swift; sourceTree = "<group>"; };
		924353362CCD2DDA0052E4BC /* PayeeGroup.swift */ = {isa = PBXFileReference; fileEncoding = 4; lastKnownFileType = sourcecode.swift; path = PayeeGroup.swift; sourceTree = "<group>"; };
		924353382CCD2F310052E4BC /* CurrencySearch.swift */ = {isa = PBXFileReference; fileEncoding = 4; lastKnownFileType = sourcecode.swift; path = CurrencySearch.swift; sourceTree = "<group>"; };
		9243533A2CCD2F610052E4BC /* AccountSearch.swift */ = {isa = PBXFileReference; fileEncoding = 4; lastKnownFileType = sourcecode.swift; path = AccountSearch.swift; sourceTree = "<group>"; };
		9243533C2CCD2F990052E4BC /* AssetSearch.swift */ = {isa = PBXFileReference; fileEncoding = 4; lastKnownFileType = sourcecode.swift; path = AssetSearch.swift; sourceTree = "<group>"; };
		9243533E2CCD2FC90052E4BC /* StockSearch.swift */ = {isa = PBXFileReference; fileEncoding = 4; lastKnownFileType = sourcecode.swift; path = StockSearch.swift; sourceTree = "<group>"; };
		924353402CCD2FFA0052E4BC /* PayeeSearch.swift */ = {isa = PBXFileReference; fileEncoding = 4; lastKnownFileType = sourcecode.swift; path = PayeeSearch.swift; sourceTree = "<group>"; };
		924353462CCD353A0052E4BC /* ListProtocol.swift */ = {isa = PBXFileReference; fileEncoding = 4; lastKnownFileType = sourcecode.swift; path = ListProtocol.swift; sourceTree = "<group>"; };
		924353482CCD36890052E4BC /* CurrencyList.swift */ = {isa = PBXFileReference; fileEncoding = 4; lastKnownFileType = sourcecode.swift; path = CurrencyList.swift; sourceTree = "<group>"; };
		9243534A2CCD37AE0052E4BC /* AccountList.swift */ = {isa = PBXFileReference; fileEncoding = 4; lastKnownFileType = sourcecode.swift; path = AccountList.swift; sourceTree = "<group>"; };
		9243534C2CCD38830052E4BC /* AssetList.swift */ = {isa = PBXFileReference; fileEncoding = 4; lastKnownFileType = sourcecode.swift; path = AssetList.swift; sourceTree = "<group>"; };
		9243534E2CCD39290052E4BC /* StockList.swift */ = {isa = PBXFileReference; fileEncoding = 4; lastKnownFileType = sourcecode.swift; path = StockList.swift; sourceTree = "<group>"; };
		924353502CCD39850052E4BC /* PayeeList.swift */ = {isa = PBXFileReference; fileEncoding = 4; lastKnownFileType = sourcecode.swift; path = PayeeList.swift; sourceTree = "<group>"; };
		925EAB922CCD7386003CEAB3 /* RepositoryCreateView.swift */ = {isa = PBXFileReference; fileEncoding = 4; lastKnownFileType = sourcecode.swift; path = RepositoryCreateView.swift; sourceTree = "<group>"; };
		925EAB942CCD8341003CEAB3 /* RepositoryReadView.swift */ = {isa = PBXFileReference; fileEncoding = 4; lastKnownFileType = sourcecode.swift; path = RepositoryReadView.swift; sourceTree = "<group>"; };
		925EAB962CCD846C003CEAB3 /* RepositoryUpdateView.swift */ = {isa = PBXFileReference; fileEncoding = 4; lastKnownFileType = sourcecode.swift; path = RepositoryUpdateView.swift; sourceTree = "<group>"; };
		925EAB9A2CCDB60B003CEAB3 /* CategoryList.swift */ = {isa = PBXFileReference; fileEncoding = 4; lastKnownFileType = sourcecode.swift; path = CategoryList.swift; sourceTree = "<group>"; };
		925EAB9C2CCDD67C003CEAB3 /* CategoryGroup.swift */ = {isa = PBXFileReference; fileEncoding = 4; lastKnownFileType = sourcecode.swift; path = CategoryGroup.swift; sourceTree = "<group>"; };
		925EAB9E2CCDDD77003CEAB3 /* CategorySearch.swift */ = {isa = PBXFileReference; fileEncoding = 4; lastKnownFileType = sourcecode.swift; path = CategorySearch.swift; sourceTree = "<group>"; };
		925EABA02CCDDFFE003CEAB3 /* CategoryReload.swift */ = {isa = PBXFileReference; fileEncoding = 4; lastKnownFileType = sourcecode.swift; path = CategoryReload.swift; sourceTree = "<group>"; };
		925EABA22CCF8146003CEAB3 /* CurrencyValidation.swift */ = {isa = PBXFileReference; fileEncoding = 4; lastKnownFileType = sourcecode.swift; path = CurrencyValidation.swift; sourceTree = "<group>"; };
		925EABA52CCF81C9003CEAB3 /* AccountValidation.swift */ = {isa = PBXFileReference; fileEncoding = 4; lastKnownFileType = sourcecode.swift; path = AccountValidation.swift; sourceTree = "<group>"; };
		925EABA72CCF81FF003CEAB3 /* AssetValidation.swift */ = {isa = PBXFileReference; fileEncoding = 4; lastKnownFileType = sourcecode.swift; path = AssetValidation.swift; sourceTree = "<group>"; };
		925EABA92CCF8236003CEAB3 /* StockValidation.swift */ = {isa = PBXFileReference; fileEncoding = 4; lastKnownFileType = sourcecode.swift; path = StockValidation.swift; sourceTree = "<group>"; };
		925EABAB2CCF826F003CEAB3 /* CategoryValidation.swift */ = {isa = PBXFileReference; fileEncoding = 4; lastKnownFileType = sourcecode.swift; path = CategoryValidation.swift; sourceTree = "<group>"; };
		925EABAD2CCF8293003CEAB3 /* PayeeValidation.swift */ = {isa = PBXFileReference; fileEncoding = 4; lastKnownFileType = sourcecode.swift; path = PayeeValidation.swift; sourceTree = "<group>"; };
		925EABAF2CCF82E4003CEAB3 /* Validation.swift */ = {isa = PBXFileReference; fileEncoding = 4; lastKnownFileType = sourcecode.swift; path = Validation.swift; sourceTree = "<group>"; };
		925EABB12CCFFC2E003CEAB3 /* Reload.swift */ = {isa = PBXFileReference; fileEncoding = 4; lastKnownFileType = sourcecode.swift; path = Reload.swift; sourceTree = "<group>"; };
		929EF65E2C9FF2DE0051A3E6 /* AssetData.swift */ = {isa = PBXFileReference; fileEncoding = 4; lastKnownFileType = sourcecode.swift; path = AssetData.swift; sourceTree = "<group>"; };
		929EF6602C9FF2FD0051A3E6 /* StockData.swift */ = {isa = PBXFileReference; fileEncoding = 4; lastKnownFileType = sourcecode.swift; path = StockData.swift; sourceTree = "<group>"; };
		929EF6622C9FF3ED0051A3E6 /* AssetRepository.swift */ = {isa = PBXFileReference; fileEncoding = 4; lastKnownFileType = sourcecode.swift; path = AssetRepository.swift; sourceTree = "<group>"; };
		929EF6642C9FF3FB0051A3E6 /* StockRepository.swift */ = {isa = PBXFileReference; fileEncoding = 4; lastKnownFileType = sourcecode.swift; path = StockRepository.swift; sourceTree = "<group>"; };
		929EF6682CA034770051A3E6 /* Repository.swift */ = {isa = PBXFileReference; fileEncoding = 4; lastKnownFileType = sourcecode.swift; path = Repository.swift; sourceTree = "<group>"; };
		929EF66A2CA03AF90051A3E6 /* Data.swift */ = {isa = PBXFileReference; fileEncoding = 4; lastKnownFileType = sourcecode.swift; path = Data.swift; sourceTree = "<group>"; };
		929EF66C2CA0BA5E0051A3E6 /* ScheduledData.swift */ = {isa = PBXFileReference; fileEncoding = 4; lastKnownFileType = sourcecode.swift; path = ScheduledData.swift; sourceTree = "<group>"; };
		929EF66E2CA0BC2D0051A3E6 /* ScheduledRepository.swift */ = {isa = PBXFileReference; fileEncoding = 4; lastKnownFileType = sourcecode.swift; path = ScheduledRepository.swift; sourceTree = "<group>"; };
		929EF6702CA3676B0051A3E6 /* MMEXDocument.swift */ = {isa = PBXFileReference; fileEncoding = 4; lastKnownFileType = sourcecode.swift; path = MMEXDocument.swift; sourceTree = "<group>"; };
		A30061772CA3B68300011B1A /* AssetEditView.swift */ = {isa = PBXFileReference; lastKnownFileType = sourcecode.swift; path = AssetEditView.swift; sourceTree = "<group>"; };
		A32AAED52CC3FD23005B4AEF /* Localizable.xcstrings */ = {isa = PBXFileReference; lastKnownFileType = text.json.xcstrings; path = Localizable.xcstrings; sourceTree = "<group>"; };
		A3363EE22C9323A5004696C7 /* CategoryEditView.swift */ = {isa = PBXFileReference; lastKnownFileType = sourcecode.swift; path = CategoryEditView.swift; sourceTree = "<group>"; };
		A3363EE42C9323D2004696C7 /* CategoryDetailView.swift */ = {isa = PBXFileReference; lastKnownFileType = sourcecode.swift; path = CategoryDetailView.swift; sourceTree = "<group>"; };
		A3363EE62C93249D004696C7 /* CategoryAddView.swift */ = {isa = PBXFileReference; lastKnownFileType = sourcecode.swift; path = CategoryAddView.swift; sourceTree = "<group>"; };
		A3363EE82C9326A1004696C7 /* CategoryListView.swift */ = {isa = PBXFileReference; lastKnownFileType = sourcecode.swift; path = CategoryListView.swift; sourceTree = "<group>"; };
		A3363EEA2C93BF62004696C7 /* CurrencyRepository.swift */ = {isa = PBXFileReference; lastKnownFileType = sourcecode.swift; path = CurrencyRepository.swift; sourceTree = "<group>"; };
		A33742872CA8E55400698466 /* IncomeExpenseView.swift */ = {isa = PBXFileReference; lastKnownFileType = sourcecode.swift; path = IncomeExpenseView.swift; sourceTree = "<group>"; };
		A33742892CA8E72C00698466 /* InsightsSummary.swift */ = {isa = PBXFileReference; lastKnownFileType = sourcecode.swift; path = InsightsSummary.swift; sourceTree = "<group>"; };
		A3462F632C9426F500F79145 /* InsightsViewModel.swift */ = {isa = PBXFileReference; lastKnownFileType = sourcecode.swift; path = InsightsViewModel.swift; sourceTree = "<group>"; };
		A3462F652C94854800F79145 /* ExportableEntity.swift */ = {isa = PBXFileReference; lastKnownFileType = sourcecode.swift; path = ExportableEntity.swift; sourceTree = "<group>"; };
		A3462F692C948CDB00F79145 /* ExportableEntityDocument.swift */ = {isa = PBXFileReference; lastKnownFileType = sourcecode.swift; path = ExportableEntityDocument.swift; sourceTree = "<group>"; };
		A350BDC02CA26415006669D5 /* TransactionViewModel.swift */ = {isa = PBXFileReference; lastKnownFileType = sourcecode.swift; path = TransactionViewModel.swift; sourceTree = "<group>"; };
		A379C1A82CA3B9EB00CC8E2C /* AssetListView.swift */ = {isa = PBXFileReference; lastKnownFileType = sourcecode.swift; path = AssetListView.swift; sourceTree = "<group>"; };
		A37E7D832C9AC14800B4ECFC /* ManageView.swift */ = {isa = PBXFileReference; lastKnownFileType = sourcecode.swift; path = ManageView.swift; sourceTree = "<group>"; };
		A37E7D852C9AC2D000B4ECFC /* AboutView.swift */ = {isa = PBXFileReference; lastKnownFileType = sourcecode.swift; path = AboutView.swift; sourceTree = "<group>"; };
		A37E7D872C9AC2E600B4ECFC /* VersionInfoView.swift */ = {isa = PBXFileReference; lastKnownFileType = sourcecode.swift; path = VersionInfoView.swift; sourceTree = "<group>"; };
		A37E7D892C9AC30700B4ECFC /* HelpFAQView.swift */ = {isa = PBXFileReference; lastKnownFileType = sourcecode.swift; path = HelpFAQView.swift; sourceTree = "<group>"; };
		A37E7D8B2C9AC36800B4ECFC /* LegalView.swift */ = {isa = PBXFileReference; lastKnownFileType = sourcecode.swift; path = LegalView.swift; sourceTree = "<group>"; };
		A37E7D8D2C9AC4C900B4ECFC /* PrivacyPolicyView.swift */ = {isa = PBXFileReference; lastKnownFileType = sourcecode.swift; path = PrivacyPolicyView.swift; sourceTree = "<group>"; };
		A37E7D8F2C9AC4F300B4ECFC /* TermsOfServiceView.swift */ = {isa = PBXFileReference; lastKnownFileType = sourcecode.swift; path = TermsOfServiceView.swift; sourceTree = "<group>"; };
		A37E7D912C9AC60000B4ECFC /* ContactSupportView.swift */ = {isa = PBXFileReference; lastKnownFileType = sourcecode.swift; path = ContactSupportView.swift; sourceTree = "<group>"; };
		A37E7D932C9B217500B4ECFC /* InfotableData.swift */ = {isa = PBXFileReference; lastKnownFileType = sourcecode.swift; path = InfotableData.swift; sourceTree = "<group>"; };
		A37E7D952C9B219400B4ECFC /* InfotableRepository.swift */ = {isa = PBXFileReference; lastKnownFileType = sourcecode.swift; path = InfotableRepository.swift; sourceTree = "<group>"; };
		A39B1B352C99A0C2003E5562 /* CurrencyEditView.swift */ = {isa = PBXFileReference; lastKnownFileType = sourcecode.swift; path = CurrencyEditView.swift; sourceTree = "<group>"; };
		A39B1B372C99A0D8003E5562 /* CurrencyListView.swift */ = {isa = PBXFileReference; lastKnownFileType = sourcecode.swift; path = CurrencyListView.swift; sourceTree = "<group>"; };
		A3C142272C89751500D3CEC0 /* MMEX.app */ = {isa = PBXFileReference; explicitFileType = wrapper.application; includeInIndex = 0; path = MMEX.app; sourceTree = BUILT_PRODUCTS_DIR; };
		A3C1422A2C89751500D3CEC0 /* MMEXApp.swift */ = {isa = PBXFileReference; lastKnownFileType = sourcecode.swift; path = MMEXApp.swift; sourceTree = "<group>"; };
		A3C1422C2C89751500D3CEC0 /* ContentView.swift */ = {isa = PBXFileReference; lastKnownFileType = sourcecode.swift; path = ContentView.swift; sourceTree = "<group>"; };
		A3C1422E2C89751600D3CEC0 /* Assets.xcassets */ = {isa = PBXFileReference; lastKnownFileType = folder.assetcatalog; path = Assets.xcassets; sourceTree = "<group>"; };
		A3C142312C89751600D3CEC0 /* Preview Assets.xcassets */ = {isa = PBXFileReference; lastKnownFileType = folder.assetcatalog; path = "Preview Assets.xcassets"; sourceTree = "<group>"; };
		A3C1423D2C89760600D3CEC0 /* AccountListView.swift */ = {isa = PBXFileReference; lastKnownFileType = sourcecode.swift; path = AccountListView.swift; sourceTree = "<group>"; };
		A3C142412C897BE600D3CEC0 /* Info.plist */ = {isa = PBXFileReference; lastKnownFileType = text.plist.xml; path = Info.plist; sourceTree = "<group>"; };
		A3C142432C89C8FA00D3CEC0 /* AccountData.swift */ = {isa = PBXFileReference; lastKnownFileType = sourcecode.swift; path = AccountData.swift; sourceTree = "<group>"; };
		A3C1424B2C8AB52600D3CEC0 /* CurrencyData.swift */ = {isa = PBXFileReference; lastKnownFileType = sourcecode.swift; path = CurrencyData.swift; sourceTree = "<group>"; };
		A3C1424D2C8B335900D3CEC0 /* PayeeData.swift */ = {isa = PBXFileReference; lastKnownFileType = sourcecode.swift; path = PayeeData.swift; sourceTree = "<group>"; };
		A3C1424F2C8B366400D3CEC0 /* PayeeListView.swift */ = {isa = PBXFileReference; lastKnownFileType = sourcecode.swift; path = PayeeListView.swift; sourceTree = "<group>"; };
		A3C142512C8B37E700D3CEC0 /* PayeeDetailView.swift */ = {isa = PBXFileReference; lastKnownFileType = sourcecode.swift; path = PayeeDetailView.swift; sourceTree = "<group>"; };
		A3C142532C8B381400D3CEC0 /* PayeeEditView.swift */ = {isa = PBXFileReference; lastKnownFileType = sourcecode.swift; path = PayeeEditView.swift; sourceTree = "<group>"; };
		A3C1425E2C8DE70300D3CEC0 /* EnvironmentManager.swift */ = {isa = PBXFileReference; lastKnownFileType = sourcecode.swift; path = EnvironmentManager.swift; sourceTree = "<group>"; };
		A3C142602C8E9DBF00D3CEC0 /* PayeeAddView.swift */ = {isa = PBXFileReference; lastKnownFileType = sourcecode.swift; path = PayeeAddView.swift; sourceTree = "<group>"; };
		A3C142642C8ED8EA00D3CEC0 /* AccountEditView.swift */ = {isa = PBXFileReference; lastKnownFileType = sourcecode.swift; path = AccountEditView.swift; sourceTree = "<group>"; };
		A3C142662C8F2AF500D3CEC0 /* TransactionData.swift */ = {isa = PBXFileReference; lastKnownFileType = sourcecode.swift; path = TransactionData.swift; sourceTree = "<group>"; };
		A3C142912C8FE11700D3CEC0 /* AccountRepository.swift */ = {isa = PBXFileReference; lastKnownFileType = sourcecode.swift; path = AccountRepository.swift; sourceTree = "<group>"; };
		A3C142932C8FE13E00D3CEC0 /* PayeeRepository.swift */ = {isa = PBXFileReference; lastKnownFileType = sourcecode.swift; path = PayeeRepository.swift; sourceTree = "<group>"; };
		A3C142952C8FE15E00D3CEC0 /* TransactionRepository.swift */ = {isa = PBXFileReference; lastKnownFileType = sourcecode.swift; path = TransactionRepository.swift; sourceTree = "<group>"; };
		A3C142972C8FE62200D3CEC0 /* TransactionListView.swift */ = {isa = PBXFileReference; lastKnownFileType = sourcecode.swift; path = TransactionListView.swift; sourceTree = "<group>"; };
		A3C142992C8FF77D00D3CEC0 /* TransactionDetailView.swift */ = {isa = PBXFileReference; lastKnownFileType = sourcecode.swift; path = TransactionDetailView.swift; sourceTree = "<group>"; };
		A3C1429D2C8FFCF100D3CEC0 /* TransactionAddView.swift */ = {isa = PBXFileReference; lastKnownFileType = sourcecode.swift; path = TransactionAddView.swift; sourceTree = "<group>"; };
		A3C1429F2C9025D600D3CEC0 /* CategoryData.swift */ = {isa = PBXFileReference; lastKnownFileType = sourcecode.swift; path = CategoryData.swift; sourceTree = "<group>"; };
		A3C142A12C90267F00D3CEC0 /* CategoryRepository.swift */ = {isa = PBXFileReference; lastKnownFileType = sourcecode.swift; path = CategoryRepository.swift; sourceTree = "<group>"; };
		A3C142A32C9033E300D3CEC0 /* SettingsView.swift */ = {isa = PBXFileReference; lastKnownFileType = sourcecode.swift; path = SettingsView.swift; sourceTree = "<group>"; };
		A3C142A52C90417700D3CEC0 /* EnterView.swift */ = {isa = PBXFileReference; lastKnownFileType = sourcecode.swift; path = EnterView.swift; sourceTree = "<group>"; };
		A3C142A72C906E0A00D3CEC0 /* CustomNumberPadView.swift */ = {isa = PBXFileReference; lastKnownFileType = sourcecode.swift; path = CustomNumberPadView.swift; sourceTree = "<group>"; };
		A3C142A92C90721800D3CEC0 /* CheckingView.swift */ = {isa = PBXFileReference; lastKnownFileType = sourcecode.swift; path = CheckingView.swift; sourceTree = "<group>"; };
		A3C142AB2C909C1C00D3CEC0 /* TransactionEditView.swift */ = {isa = PBXFileReference; lastKnownFileType = sourcecode.swift; path = TransactionEditView.swift; sourceTree = "<group>"; };
		A3C142AD2C9134DD00D3CEC0 /* InsightsView.swift */ = {isa = PBXFileReference; lastKnownFileType = sourcecode.swift; path = InsightsView.swift; sourceTree = "<group>"; };
/* End PBXFileReference section */

/* Begin PBXFrameworksBuildPhase section */
		A3C142242C89751500D3CEC0 /* Frameworks */ = {
			isa = PBXFrameworksBuildPhase;
			buildActionMask = 2147483647;
			files = (
				A3B374C72C96A27800943FDB /* SQLite in Frameworks */,
				A3B374C52C96A23E00943FDB /* SQLite in Frameworks */,
				A3C1423A2C89754C00D3CEC0 /* SQLite in Frameworks */,
			);
			runOnlyForDeploymentPostprocessing = 0;
		};
/* End PBXFrameworksBuildPhase section */

/* Begin PBXGroup section */
		920823F22CA3D11F00388AB2 /* Resources */ = {
			isa = PBXGroup;
			children = (
				920823F32CA3D16400388AB2 /* tables.sql */,
				A32AAED52CC3FD23005B4AEF /* Localizable.xcstrings */,
			);
			path = Resources;
			sourceTree = "<group>";
		};
		924352E72CAE1E480052E4BC /* Stock */ = {
			isa = PBXGroup;
			children = (
				924352E62CAE1E480052E4BC /* StockListView.swift */,
				924352E42CAE1E480052E4BC /* StockDetailView.swift */,
				924352E32CAE1E480052E4BC /* StockAddView.swift */,
				924352E52CAE1E480052E4BC /* StockEditView.swift */,
			);
			path = Stock;
			sourceTree = "<group>";
		};
		924352EC2CB060980052E4BC /* Theme */ = {
			isa = PBXGroup;
			children = (
				924352ED2CB060D80052E4BC /* Theme.swift */,
				924352F12CB0A93E0052E4BC /* TabTheme.swift */,
				924352F42CB1C1400052E4BC /* GroupTheme.swift */,
				924353022CBB2AB90052E4BC /* ItemTheme.swift */,
				924352EF2CB061F10052E4BC /* FieldTheme.swift */,
			);
			path = Theme;
			sourceTree = "<group>";
		};
		924352F32CB14DA70052E4BC /* App */ = {
			isa = PBXGroup;
			children = (
				A3C1422A2C89751500D3CEC0 /* MMEXApp.swift */,
				929EF6702CA3676B0051A3E6 /* MMEXDocument.swift */,
				A3C1422C2C89751500D3CEC0 /* ContentView.swift */,
				A3C1425E2C8DE70300D3CEC0 /* EnvironmentManager.swift */,
				924352E12CABD00C0052E4BC /* Cache.swift */,
			);
			path = App;
			sourceTree = "<group>";
		};
		924352F62CB2EA3D0052E4BC /* Manage */ = {
			isa = PBXGroup;
			children = (
				A37E7D832C9AC14800B4ECFC /* ManageView.swift */,
			);
			path = Manage;
			sourceTree = "<group>";
		};
		924352F72CB2EA5C0052E4BC /* Checking */ = {
			isa = PBXGroup;
			children = (
				A3C142A92C90721800D3CEC0 /* CheckingView.swift */,
			);
			path = Checking;
			sourceTree = "<group>";
		};
		924352F82CB2EAD40052E4BC /* Enter */ = {
			isa = PBXGroup;
			children = (
				A3C142A52C90417700D3CEC0 /* EnterView.swift */,
			);
			path = Enter;
			sourceTree = "<group>";
		};
		924352FD2CB6F5D80052E4BC /* Repository */ = {
			isa = PBXGroup;
			children = (
				924352FB2CB6F5D40052E4BC /* RepositoryListView.swift */,
				925EAB922CCD7386003CEAB3 /* RepositoryCreateView.swift */,
				925EAB942CCD8341003CEAB3 /* RepositoryReadView.swift */,
				925EAB962CCD846C003CEAB3 /* RepositoryUpdateView.swift */,
			);
			path = Repository;
			sourceTree = "<group>";
		};
		924353132CC5181D0052E4BC /* Load */ = {
			isa = PBXGroup;
			children = (
				924353262CCAD2780052E4BC /* LoadState.swift */,
				9243530E2CC516B70052E4BC /* LoadProtocol.swift */,
				9243530D2CC516B70052E4BC /* LoadMain.swift */,
				924353202CC6EFA70052E4BC /* LoadAux.swift */,
			);
			path = Load;
			sourceTree = "<group>";
		};
		9243532A2CCD27BC0052E4BC /* Group */ = {
			isa = PBXGroup;
			children = (
				924353082CC4A2590052E4BC /* GroupProtocol.swift */,
				9243532E2CCD2C140052E4BC /* CurrencyGroup.swift */,
				924353302CCD2CF40052E4BC /* AccountGroup.swift */,
				924353322CCD2D580052E4BC /* AssetGroup.swift */,
				924353342CCD2DA90052E4BC /* StockGroup.swift */,
				925EAB9C2CCDD67C003CEAB3 /* CategoryGroup.swift */,
				924353362CCD2DDA0052E4BC /* PayeeGroup.swift */,
			);
			path = Group;
			sourceTree = "<group>";
		};
		9243532B2CCD27CE0052E4BC /* Search */ = {
			isa = PBXGroup;
			children = (
				924352FE2CB99F1D0052E4BC /* SearchProtocol.swift */,
				924353382CCD2F310052E4BC /* CurrencySearch.swift */,
				9243533A2CCD2F610052E4BC /* AccountSearch.swift */,
				9243533C2CCD2F990052E4BC /* AssetSearch.swift */,
				9243533E2CCD2FC90052E4BC /* StockSearch.swift */,
				925EAB9E2CCDDD77003CEAB3 /* CategorySearch.swift */,
				924353402CCD2FFA0052E4BC /* PayeeSearch.swift */,
			);
			path = Search;
			sourceTree = "<group>";
		};
		924353522CCD3C440052E4BC /* List */ = {
			isa = PBXGroup;
			children = (
				924353462CCD353A0052E4BC /* ListProtocol.swift */,
				9243531C2CC5201C0052E4BC /* ManageList.swift */,
				924353482CCD36890052E4BC /* CurrencyList.swift */,
				9243534A2CCD37AE0052E4BC /* AccountList.swift */,
				9243534C2CCD38830052E4BC /* AssetList.swift */,
				9243534E2CCD39290052E4BC /* StockList.swift */,
				925EAB9A2CCDB60B003CEAB3 /* CategoryList.swift */,
				924353502CCD39850052E4BC /* PayeeList.swift */,
			);
			path = List;
			sourceTree = "<group>";
		};
		925EAB912CCD5691003CEAB3 /* Reload */ = {
			isa = PBXGroup;
			children = (
				925EABB12CCFFC2E003CEAB3 /* Reload.swift */,
				9243531A2CC51FB10052E4BC /* CurrencyReload.swift */,
				924353002CBA06210052E4BC /* AccountReload.swift */,
				924353142CC51F590052E4BC /* AssetReload.swift */,
				924353162CC51F8E0052E4BC /* StockReload.swift */,
				925EABA02CCDDFFE003CEAB3 /* CategoryReload.swift */,
				924353182CC51FA00052E4BC /* PayeeReload.swift */,
			);
			path = Reload;
			sourceTree = "<group>";
		};
		925EABA42CCF8178003CEAB3 /* Validation */ = {
			isa = PBXGroup;
			children = (
				925EABAF2CCF82E4003CEAB3 /* Validation.swift */,
				925EABA22CCF8146003CEAB3 /* CurrencyValidation.swift */,
				925EABA52CCF81C9003CEAB3 /* AccountValidation.swift */,
				925EABA72CCF81FF003CEAB3 /* AssetValidation.swift */,
				925EABA92CCF8236003CEAB3 /* StockValidation.swift */,
				925EABAB2CCF826F003CEAB3 /* CategoryValidation.swift */,
				925EABAD2CCF8293003CEAB3 /* PayeeValidation.swift */,
			);
			path = Validation;
			sourceTree = "<group>";
		};
		A30061742CA3B57700011B1A /* Asset */ = {
			isa = PBXGroup;
			children = (
				A379C1A82CA3B9EB00CC8E2C /* AssetListView.swift */,
				A30061772CA3B68300011B1A /* AssetEditView.swift */,
			);
			path = Asset;
			sourceTree = "<group>";
		};
		A3462F682C948CAD00F79145 /* Export */ = {
			isa = PBXGroup;
			children = (
				A3462F652C94854800F79145 /* ExportableEntity.swift */,
				A3462F692C948CDB00F79145 /* ExportableEntityDocument.swift */,
			);
			path = Export;
			sourceTree = "<group>";
		};
		A350BDBF2CA26195006669D5 /* ViewModel */ = {
			isa = PBXGroup;
			children = (
				924353132CC5181D0052E4BC /* Load */,
				924353522CCD3C440052E4BC /* List */,
				9243532A2CCD27BC0052E4BC /* Group */,
				9243532B2CCD27CE0052E4BC /* Search */,
				925EABA42CCF8178003CEAB3 /* Validation */,
				925EAB912CCD5691003CEAB3 /* Reload */,
				924353042CC3B2E30052E4BC /* ViewModel.swift */,
				A350BDC02CA26415006669D5 /* TransactionViewModel.swift */,
				A3462F632C9426F500F79145 /* InsightsViewModel.swift */,
			);
			path = ViewModel;
			sourceTree = "<group>";
		};
		A39B1B392C9A668F003E5562 /* Account */ = {
			isa = PBXGroup;
			children = (
				A3C1423D2C89760600D3CEC0 /* AccountListView.swift */,
				A3C142642C8ED8EA00D3CEC0 /* AccountEditView.swift */,
			);
			path = Account;
			sourceTree = "<group>";
		};
		A39B1B3A2C9A66B8003E5562 /* Payee */ = {
			isa = PBXGroup;
			children = (
				A3C1424F2C8B366400D3CEC0 /* PayeeListView.swift */,
				A3C142512C8B37E700D3CEC0 /* PayeeDetailView.swift */,
				A3C142602C8E9DBF00D3CEC0 /* PayeeAddView.swift */,
				A3C142532C8B381400D3CEC0 /* PayeeEditView.swift */,
			);
			path = Payee;
			sourceTree = "<group>";
		};
		A39B1B3B2C9A66CB003E5562 /* Transaction */ = {
			isa = PBXGroup;
			children = (
				A3C142972C8FE62200D3CEC0 /* TransactionListView.swift */,
				A3C142992C8FF77D00D3CEC0 /* TransactionDetailView.swift */,
				A3C1429D2C8FFCF100D3CEC0 /* TransactionAddView.swift */,
				A3C142AB2C909C1C00D3CEC0 /* TransactionEditView.swift */,
			);
			path = Transaction;
			sourceTree = "<group>";
		};
		A39B1B3C2C9A66E6003E5562 /* Category */ = {
			isa = PBXGroup;
			children = (
				A3363EE82C9326A1004696C7 /* CategoryListView.swift */,
				A3363EE42C9323D2004696C7 /* CategoryDetailView.swift */,
				A3363EE62C93249D004696C7 /* CategoryAddView.swift */,
				A3363EE22C9323A5004696C7 /* CategoryEditView.swift */,
			);
			path = Category;
			sourceTree = "<group>";
		};
		A39B1B3D2C9A66F7003E5562 /* Currency */ = {
			isa = PBXGroup;
			children = (
				A39B1B372C99A0D8003E5562 /* CurrencyListView.swift */,
				A39B1B352C99A0C2003E5562 /* CurrencyEditView.swift */,
			);
			path = Currency;
			sourceTree = "<group>";
		};
		A39B1B3E2C9A6714003E5562 /* Settings */ = {
			isa = PBXGroup;
			children = (
				A3C142A32C9033E300D3CEC0 /* SettingsView.swift */,
				924352F92CB355CF0052E4BC /* SettingsThemeView.swift */,
				A37E7D852C9AC2D000B4ECFC /* AboutView.swift */,
				A37E7D872C9AC2E600B4ECFC /* VersionInfoView.swift */,
				A37E7D892C9AC30700B4ECFC /* HelpFAQView.swift */,
				A37E7D8B2C9AC36800B4ECFC /* LegalView.swift */,
				A37E7D8D2C9AC4C900B4ECFC /* PrivacyPolicyView.swift */,
				A37E7D8F2C9AC4F300B4ECFC /* TermsOfServiceView.swift */,
				A37E7D912C9AC60000B4ECFC /* ContactSupportView.swift */,
			);
			path = Settings;
			sourceTree = "<group>";
		};
		A39B1B3F2C9A6741003E5562 /* Repository */ = {
			isa = PBXGroup;
			children = (
				929EF6682CA034770051A3E6 /* Repository.swift */,
				920824312CA6E32800388AB2 /* RepositoryProtocol.swift */,
				A37E7D952C9B219400B4ECFC /* InfotableRepository.swift */,
				A3363EEA2C93BF62004696C7 /* CurrencyRepository.swift */,
				920823F72CA498B500388AB2 /* CurrencyHistoryRepository.swift */,
				A3C142912C8FE11700D3CEC0 /* AccountRepository.swift */,
				929EF6622C9FF3ED0051A3E6 /* AssetRepository.swift */,
				929EF6642C9FF3FB0051A3E6 /* StockRepository.swift */,
				920823FB2CA4A15C00388AB2 /* StockHistoryRepository.swift */,
				A3C142A12C90267F00D3CEC0 /* CategoryRepository.swift */,
				A3C142932C8FE13E00D3CEC0 /* PayeeRepository.swift */,
				A3C142952C8FE15E00D3CEC0 /* TransactionRepository.swift */,
				920824052CA4AE0A00388AB2 /* TransactionSplitRepository.swift */,
				9208241D2CA4E1C500388AB2 /* TransactionLinkRepository.swift */,
				920824252CA5082D00388AB2 /* TransactionShareRepository.swift */,
				929EF66E2CA0BC2D0051A3E6 /* ScheduledRepository.swift */,
				920824072CA4B05700388AB2 /* ScheduledSplitRepository.swift */,
				920823FF2CA4A4AA00388AB2 /* TagRepository.swift */,
				920824212CA4E67200388AB2 /* TagLinkRepository.swift */,
				9208242B2CA615B400388AB2 /* FieldRepository.swift */,
				9208242D2CA617FB00388AB2 /* FieldContentRepository.swift */,
				920824192CA4D35700388AB2 /* AttachmentRepository.swift */,
				9208240F2CA4C5CD00388AB2 /* BudgetYearRepository.swift */,
				920824112CA4C6A400388AB2 /* BudgetTableRepository.swift */,
				920824152CA4C95F00388AB2 /* ReportRepository.swift */,
			);
			path = Repository;
			sourceTree = "<group>";
		};
		A3B51C072CA8E03100BB0681 /* Insights */ = {
			isa = PBXGroup;
			children = (
				A3C142AD2C9134DD00D3CEC0 /* InsightsView.swift */,
				924352DF2CA9CC5A0052E4BC /* InsightsAccountView.swift */,
				A33742892CA8E72C00698466 /* InsightsSummary.swift */,
				A33742872CA8E55400698466 /* IncomeExpenseView.swift */,
			);
			path = Insights;
			sourceTree = "<group>";
		};
		A3C1421E2C89751500D3CEC0 = {
			isa = PBXGroup;
			children = (
				A3C142292C89751500D3CEC0 /* MMEX */,
				A3C142282C89751500D3CEC0 /* Products */,
			);
			sourceTree = "<group>";
		};
		A3C142282C89751500D3CEC0 /* Products */ = {
			isa = PBXGroup;
			children = (
				A3C142272C89751500D3CEC0 /* MMEX.app */,
			);
			name = Products;
			sourceTree = "<group>";
		};
		A3C142292C89751500D3CEC0 /* MMEX */ = {
			isa = PBXGroup;
			children = (
				A3C142422C89B83A00D3CEC0 /* Data */,
				A39B1B3F2C9A6741003E5562 /* Repository */,
				A350BDBF2CA26195006669D5 /* ViewModel */,
				A3C142452C89CB1600D3CEC0 /* View */,
				924352EC2CB060980052E4BC /* Theme */,
				A3462F682C948CAD00F79145 /* Export */,
				924352F32CB14DA70052E4BC /* App */,
				920823F22CA3D11F00388AB2 /* Resources */,
				A3C142302C89751600D3CEC0 /* Preview Content */,
				A3C142412C897BE600D3CEC0 /* Info.plist */,
				A3C1422E2C89751600D3CEC0 /* Assets.xcassets */,
			);
			path = MMEX;
			sourceTree = "<group>";
		};
		A3C142302C89751600D3CEC0 /* Preview Content */ = {
			isa = PBXGroup;
			children = (
				A3C142312C89751600D3CEC0 /* Preview Assets.xcassets */,
			);
			path = "Preview Content";
			sourceTree = "<group>";
		};
		A3C142422C89B83A00D3CEC0 /* Data */ = {
			isa = PBXGroup;
			children = (
				929EF66A2CA03AF90051A3E6 /* Data.swift */,
				A37E7D932C9B217500B4ECFC /* InfotableData.swift */,
				A3C1424B2C8AB52600D3CEC0 /* CurrencyData.swift */,
				920823F52CA498A200388AB2 /* CurrencyHistoryData.swift */,
				A3C142432C89C8FA00D3CEC0 /* AccountData.swift */,
				929EF65E2C9FF2DE0051A3E6 /* AssetData.swift */,
				929EF6602C9FF2FD0051A3E6 /* StockData.swift */,
				920823F92CA49A4B00388AB2 /* StockHistoryData.swift */,
				A3C1429F2C9025D600D3CEC0 /* CategoryData.swift */,
				A3C1424D2C8B335900D3CEC0 /* PayeeData.swift */,
				A3C142662C8F2AF500D3CEC0 /* TransactionData.swift */,
				920824012CA4AD0C00388AB2 /* TransactionSplitData.swift */,
				9208241B2CA4DFFC00388AB2 /* TransactionLinkData.swift */,
				920824232CA5078900388AB2 /* TransactionShareData.swift */,
				929EF66C2CA0BA5E0051A3E6 /* ScheduledData.swift */,
				920824032CA4ADC100388AB2 /* ScheduledSplitData.swift */,
				920823FD2CA4A3F700388AB2 /* TagData.swift */,
				9208241F2CA4E5C200388AB2 /* TagLinkData.swift */,
				920824272CA60E8400388AB2 /* FieldData.swift */,
				920824292CA60FD900388AB2 /* FieldContentData.swift */,
				920824172CA4CF4300388AB2 /* AttachmentData.swift */,
				920824092CA4C2AD00388AB2 /* BudgetYearData.swift */,
				9208240B2CA4C31B00388AB2 /* BudgetTableData.swift */,
				9208240D2CA4C4FA00388AB2 /* ReportData.swift */,
			);
			path = Data;
			sourceTree = "<group>";
		};
		A3C142452C89CB1600D3CEC0 /* View */ = {
			isa = PBXGroup;
			children = (
				924352F72CB2EA5C0052E4BC /* Checking */,
				A3B51C072CA8E03100BB0681 /* Insights */,
				924352F82CB2EAD40052E4BC /* Enter */,
				924352F62CB2EA3D0052E4BC /* Manage */,
				A39B1B3E2C9A6714003E5562 /* Settings */,
				924352FD2CB6F5D80052E4BC /* Repository */,
				A39B1B3D2C9A66F7003E5562 /* Currency */,
				A39B1B392C9A668F003E5562 /* Account */,
				A30061742CA3B57700011B1A /* Asset */,
				924352E72CAE1E480052E4BC /* Stock */,
				A39B1B3C2C9A66E6003E5562 /* Category */,
				A39B1B3A2C9A66B8003E5562 /* Payee */,
				A39B1B3B2C9A66CB003E5562 /* Transaction */,
				A3C142A72C906E0A00D3CEC0 /* CustomNumberPadView.swift */,
			);
			path = View;
			sourceTree = "<group>";
		};
/* End PBXGroup section */

/* Begin PBXNativeTarget section */
		A3C142262C89751500D3CEC0 /* MMEX */ = {
			isa = PBXNativeTarget;
			buildConfigurationList = A3C142352C89751600D3CEC0 /* Build configuration list for PBXNativeTarget "MMEX" */;
			buildPhases = (
				A3C142232C89751500D3CEC0 /* Sources */,
				A3C142242C89751500D3CEC0 /* Frameworks */,
				A3C142252C89751500D3CEC0 /* Resources */,
			);
			buildRules = (
			);
			dependencies = (
			);
			name = MMEX;
			packageProductDependencies = (
				A3C142392C89754C00D3CEC0 /* SQLite */,
				A3B374C42C96A23E00943FDB /* SQLite */,
				A3B374C62C96A27800943FDB /* SQLite */,
			);
			productName = MMEX;
			productReference = A3C142272C89751500D3CEC0 /* MMEX.app */;
			productType = "com.apple.product-type.application";
		};
/* End PBXNativeTarget section */

/* Begin PBXProject section */
		A3C1421F2C89751500D3CEC0 /* Project object */ = {
			isa = PBXProject;
			attributes = {
				BuildIndependentTargetsInParallel = 1;
				LastSwiftUpdateCheck = 1540;
				LastUpgradeCheck = 1600;
				TargetAttributes = {
					A3C142262C89751500D3CEC0 = {
						CreatedOnToolsVersion = 15.4;
					};
				};
			};
			buildConfigurationList = A3C142222C89751500D3CEC0 /* Build configuration list for PBXProject "MMEX" */;
			compatibilityVersion = "Xcode 14.0";
			developmentRegion = en;
			hasScannedForEncodings = 0;
			knownRegions = (
				en,
				Base,
				"zh-Hans",
				"pt-BR",
				ru,
				da,
				uk,
				de,
				it,
				hr,
				nl,
				fr,
			);
			mainGroup = A3C1421E2C89751500D3CEC0;
			packageReferences = (
				A3C142382C89754C00D3CEC0 /* XCLocalSwiftPackageReference "../SQLite.swift" */,
			);
			productRefGroup = A3C142282C89751500D3CEC0 /* Products */;
			projectDirPath = "";
			projectRoot = "";
			targets = (
				A3C142262C89751500D3CEC0 /* MMEX */,
			);
		};
/* End PBXProject section */

/* Begin PBXResourcesBuildPhase section */
		A3C142252C89751500D3CEC0 /* Resources */ = {
			isa = PBXResourcesBuildPhase;
			buildActionMask = 2147483647;
			files = (
				A3C142322C89751600D3CEC0 /* Preview Assets.xcassets in Resources */,
				A3C1422F2C89751600D3CEC0 /* Assets.xcassets in Resources */,
				A32AAED62CC3FD23005B4AEF /* Localizable.xcstrings in Resources */,
				920823F42CA3D16400388AB2 /* tables.sql in Resources */,
			);
			runOnlyForDeploymentPostprocessing = 0;
		};
/* End PBXResourcesBuildPhase section */

/* Begin PBXSourcesBuildPhase section */
		A3C142232C89751500D3CEC0 /* Sources */ = {
			isa = PBXSourcesBuildPhase;
			buildActionMask = 2147483647;
			files = (
				A3C1424C2C8AB52600D3CEC0 /* CurrencyData.swift in Sources */,
				9243531B2CC51FB10052E4BC /* CurrencyReload.swift in Sources */,
				920823FA2CA49A4B00388AB2 /* StockHistoryData.swift in Sources */,
				A37E7D8E2C9AC4C900B4ECFC /* PrivacyPolicyView.swift in Sources */,
				A3C142612C8E9DBF00D3CEC0 /* PayeeAddView.swift in Sources */,
				9208242C2CA615B400388AB2 /* FieldRepository.swift in Sources */,
				924352F22CB0A93E0052E4BC /* TabTheme.swift in Sources */,
				924352FC2CB6F5D40052E4BC /* RepositoryListView.swift in Sources */,
				A39B1B382C99A0D8003E5562 /* CurrencyListView.swift in Sources */,
				920824082CA4B05700388AB2 /* ScheduledSplitRepository.swift in Sources */,
				929EF6632C9FF3ED0051A3E6 /* AssetRepository.swift in Sources */,
				A350BDC12CA26415006669D5 /* TransactionViewModel.swift in Sources */,
				A3C1423E2C89760600D3CEC0 /* AccountListView.swift in Sources */,
				925EAB972CCD846C003CEAB3 /* RepositoryUpdateView.swift in Sources */,
				A30061782CA3B68300011B1A /* AssetEditView.swift in Sources */,
				A37E7D8C2C9AC36800B4ECFC /* LegalView.swift in Sources */,
				A3C1425F2C8DE70300D3CEC0 /* EnvironmentManager.swift in Sources */,
				924353012CBA06210052E4BC /* AccountReload.swift in Sources */,
				A3C1424E2C8B335900D3CEC0 /* PayeeData.swift in Sources */,
				929EF6612C9FF2FD0051A3E6 /* StockData.swift in Sources */,
				9243534D2CCD38830052E4BC /* AssetList.swift in Sources */,
				925EAB9D2CCDD67C003CEAB3 /* CategoryGroup.swift in Sources */,
				A37E7D922C9AC60000B4ECFC /* ContactSupportView.swift in Sources */,
				9208240E2CA4C4FA00388AB2 /* ReportData.swift in Sources */,
				925EAB952CCD8341003CEAB3 /* RepositoryReadView.swift in Sources */,
				929EF6652C9FF3FB0051A3E6 /* StockRepository.swift in Sources */,
				A3C142502C8B366400D3CEC0 /* PayeeListView.swift in Sources */,
				925EABB22CCFFC2E003CEAB3 /* Reload.swift in Sources */,
				A337428A2CA8E72C00698466 /* InsightsSummary.swift in Sources */,
				A3C142672C8F2AF500D3CEC0 /* TransactionData.swift in Sources */,
				920824042CA4ADC100388AB2 /* ScheduledSplitData.swift in Sources */,
				925EABA62CCF81C9003CEAB3 /* AccountValidation.swift in Sources */,
				A3462F642C9426F500F79145 /* InsightsViewModel.swift in Sources */,
				A3C142AC2C909C1C00D3CEC0 /* TransactionEditView.swift in Sources */,
				A3C142962C8FE15E00D3CEC0 /* TransactionRepository.swift in Sources */,
				A3C1422D2C89751500D3CEC0 /* ContentView.swift in Sources */,
				924352E02CA9CC5A0052E4BC /* InsightsAccountView.swift in Sources */,
				929EF65F2C9FF2DE0051A3E6 /* AssetData.swift in Sources */,
				920823FE2CA4A3F700388AB2 /* TagData.swift in Sources */,
				A379C1A92CA3B9EB00CC8E2C /* AssetListView.swift in Sources */,
				920824002CA4A4AA00388AB2 /* TagRepository.swift in Sources */,
				920824242CA5078900388AB2 /* TransactionShareData.swift in Sources */,
				920824062CA4AE0A00388AB2 /* TransactionSplitRepository.swift in Sources */,
				A3C142AA2C90721800D3CEC0 /* CheckingView.swift in Sources */,
				A3C142A62C90417700D3CEC0 /* EnterView.swift in Sources */,
				920824262CA5082D00388AB2 /* TransactionShareRepository.swift in Sources */,
				A3C1429A2C8FF77D00D3CEC0 /* TransactionDetailView.swift in Sources */,
				924352E22CABD00C0052E4BC /* Cache.swift in Sources */,
				924352F02CB061F10052E4BC /* FieldTheme.swift in Sources */,
				920823FC2CA4A15C00388AB2 /* StockHistoryRepository.swift in Sources */,
				A3C142942C8FE13E00D3CEC0 /* PayeeRepository.swift in Sources */,
				9243533F2CCD2FC90052E4BC /* StockSearch.swift in Sources */,
				A3C1429E2C8FFCF100D3CEC0 /* TransactionAddView.swift in Sources */,
				920824282CA60E8400388AB2 /* FieldData.swift in Sources */,
				929EF66B2CA03AF90051A3E6 /* Data.swift in Sources */,
				A3C142922C8FE11700D3CEC0 /* AccountRepository.swift in Sources */,
				924353412CCD2FFA0052E4BC /* PayeeSearch.swift in Sources */,
				924353272CCAD2780052E4BC /* LoadState.swift in Sources */,
				A3C1422B2C89751500D3CEC0 /* MMEXApp.swift in Sources */,
				A39B1B362C99A0C2003E5562 /* CurrencyEditView.swift in Sources */,
				A3363EE72C93249D004696C7 /* CategoryAddView.swift in Sources */,
				A3C142522C8B37E700D3CEC0 /* PayeeDetailView.swift in Sources */,
				920824222CA4E67200388AB2 /* TagLinkRepository.swift in Sources */,
				A37E7D962C9B219400B4ECFC /* InfotableRepository.swift in Sources */,
				A3C142442C89C8FA00D3CEC0 /* AccountData.swift in Sources */,
				A3C142AE2C9134DD00D3CEC0 /* InsightsView.swift in Sources */,
				925EAB9B2CCDB60B003CEAB3 /* CategoryList.swift in Sources */,
				925EABA32CCF8146003CEAB3 /* CurrencyValidation.swift in Sources */,
				A3C142A82C906E0A00D3CEC0 /* CustomNumberPadView.swift in Sources */,
				924353372CCD2DDA0052E4BC /* PayeeGroup.swift in Sources */,
				924353492CCD36890052E4BC /* CurrencyList.swift in Sources */,
				924352FA2CB355CF0052E4BC /* SettingsThemeView.swift in Sources */,
				925EABAC2CCF826F003CEAB3 /* CategoryValidation.swift in Sources */,
				9208240A2CA4C2AD00388AB2 /* BudgetYearData.swift in Sources */,
				924353392CCD2F310052E4BC /* CurrencySearch.swift in Sources */,
				9243533B2CCD2F610052E4BC /* AccountSearch.swift in Sources */,
				A3363EEB2C93BF62004696C7 /* CurrencyRepository.swift in Sources */,
				A37E7D942C9B217500B4ECFC /* InfotableData.swift in Sources */,
				924353192CC51FA00052E4BC /* PayeeReload.swift in Sources */,
				9243530F2CC516B70052E4BC /* LoadMain.swift in Sources */,
				924353102CC516B70052E4BC /* LoadProtocol.swift in Sources */,
				925EABAE2CCF8293003CEAB3 /* PayeeValidation.swift in Sources */,
				9208242E2CA617FB00388AB2 /* FieldContentRepository.swift in Sources */,
				9208241E2CA4E1C500388AB2 /* TransactionLinkRepository.swift in Sources */,
				9208241A2CA4D35700388AB2 /* AttachmentRepository.swift in Sources */,
				925EABA82CCF81FF003CEAB3 /* AssetValidation.swift in Sources */,
				925EAB932CCD7386003CEAB3 /* RepositoryCreateView.swift in Sources */,
				A37E7D882C9AC2E600B4ECFC /* VersionInfoView.swift in Sources */,
				920823F62CA498A200388AB2 /* CurrencyHistoryData.swift in Sources */,
				9208242A2CA60FD900388AB2 /* FieldContentData.swift in Sources */,
				A3462F662C94854800F79145 /* ExportableEntity.swift in Sources */,
				A3462F6A2C948CDB00F79145 /* ExportableEntityDocument.swift in Sources */,
				920824122CA4C6A400388AB2 /* BudgetTableRepository.swift in Sources */,
				A3C142982C8FE62200D3CEC0 /* TransactionListView.swift in Sources */,
				9243533D2CCD2F990052E4BC /* AssetSearch.swift in Sources */,
				A33742882CA8E55400698466 /* IncomeExpenseView.swift in Sources */,
				9243534B2CCD37AE0052E4BC /* AccountList.swift in Sources */,
				9243532F2CCD2C140052E4BC /* CurrencyGroup.swift in Sources */,
				A3C142542C8B381400D3CEC0 /* PayeeEditView.swift in Sources */,
				920823F82CA498B500388AB2 /* CurrencyHistoryRepository.swift in Sources */,
				A37E7D8A2C9AC30700B4ECFC /* HelpFAQView.swift in Sources */,
				924353092CC4A2590052E4BC /* GroupProtocol.swift in Sources */,
				924353152CC51F590052E4BC /* AssetReload.swift in Sources */,
				924353052CC3B2E30052E4BC /* ViewModel.swift in Sources */,
				924353312CCD2CF40052E4BC /* AccountGroup.swift in Sources */,
				924353212CC6EFA70052E4BC /* LoadAux.swift in Sources */,
				924352FF2CB99F1D0052E4BC /* SearchProtocol.swift in Sources */,
				929EF66D2CA0BA5E0051A3E6 /* ScheduledData.swift in Sources */,
				920824022CA4AD0C00388AB2 /* TransactionSplitData.swift in Sources */,
				924353172CC51F8E0052E4BC /* StockReload.swift in Sources */,
				A3363EE32C9323A5004696C7 /* CategoryEditView.swift in Sources */,
				920824102CA4C5CD00388AB2 /* BudgetYearRepository.swift in Sources */,
				920824202CA4E5C200388AB2 /* TagLinkData.swift in Sources */,
				A3C142652C8ED8EA00D3CEC0 /* AccountEditView.swift in Sources */,
				924353512CCD39850052E4BC /* PayeeList.swift in Sources */,
				929EF6712CA3676B0051A3E6 /* MMEXDocument.swift in Sources */,
				929EF6692CA034770051A3E6 /* Repository.swift in Sources */,
				925EABAA2CCF8236003CEAB3 /* StockValidation.swift in Sources */,
				9208241C2CA4DFFC00388AB2 /* TransactionLinkData.swift in Sources */,
				9243531D2CC5201C0052E4BC /* ManageList.swift in Sources */,
				A3C142A22C90267F00D3CEC0 /* CategoryRepository.swift in Sources */,
				A37E7D862C9AC2D000B4ECFC /* AboutView.swift in Sources */,
				9208240C2CA4C31B00388AB2 /* BudgetTableData.swift in Sources */,
				924353472CCD353A0052E4BC /* ListProtocol.swift in Sources */,
				A3363EE92C9326A1004696C7 /* CategoryListView.swift in Sources */,
				A3C142A02C9025D600D3CEC0 /* CategoryData.swift in Sources */,
				A3C142A42C9033E300D3CEC0 /* SettingsView.swift in Sources */,
				924352F52CB1C1400052E4BC /* GroupTheme.swift in Sources */,
				920824322CA6E32800388AB2 /* RepositoryProtocol.swift in Sources */,
				A3363EE52C9323D2004696C7 /* CategoryDetailView.swift in Sources */,
				929EF66F2CA0BC2D0051A3E6 /* ScheduledRepository.swift in Sources */,
				920824182CA4CF4300388AB2 /* AttachmentData.swift in Sources */,
				925EABB02CCF82E4003CEAB3 /* Validation.swift in Sources */,
				A37E7D842C9AC14800B4ECFC /* ManageView.swift in Sources */,
				924352EE2CB060D80052E4BC /* Theme.swift in Sources */,
				924353032CBB2AB90052E4BC /* ItemTheme.swift in Sources */,
				924352E82CAE1E480052E4BC /* StockDetailView.swift in Sources */,
				925EAB9F2CCDDD77003CEAB3 /* CategorySearch.swift in Sources */,
				924352E92CAE1E480052E4BC /* StockAddView.swift in Sources */,
				924352EA2CAE1E480052E4BC /* StockEditView.swift in Sources */,
				924352EB2CAE1E480052E4BC /* StockListView.swift in Sources */,
				924353352CCD2DA90052E4BC /* StockGroup.swift in Sources */,
				9243534F2CCD39290052E4BC /* StockList.swift in Sources */,
				925EABA12CCDDFFE003CEAB3 /* CategoryReload.swift in Sources */,
				924353332CCD2D580052E4BC /* AssetGroup.swift in Sources */,
				920824162CA4C95F00388AB2 /* ReportRepository.swift in Sources */,
				A37E7D902C9AC4F300B4ECFC /* TermsOfServiceView.swift in Sources */,
			);
			runOnlyForDeploymentPostprocessing = 0;
		};
/* End PBXSourcesBuildPhase section */

/* Begin XCBuildConfiguration section */
		A3C142332C89751600D3CEC0 /* Debug */ = {
			isa = XCBuildConfiguration;
			buildSettings = {
				ALWAYS_SEARCH_USER_PATHS = NO;
				ASSETCATALOG_COMPILER_GENERATE_SWIFT_ASSET_SYMBOL_EXTENSIONS = YES;
				CLANG_ANALYZER_LOCALIZABILITY_NONLOCALIZED = YES;
				CLANG_ANALYZER_NONNULL = YES;
				CLANG_ANALYZER_NUMBER_OBJECT_CONVERSION = YES_AGGRESSIVE;
				CLANG_CXX_LANGUAGE_STANDARD = "gnu++20";
				CLANG_ENABLE_MODULES = YES;
				CLANG_ENABLE_OBJC_ARC = YES;
				CLANG_ENABLE_OBJC_WEAK = YES;
				CLANG_WARN_BLOCK_CAPTURE_AUTORELEASING = YES;
				CLANG_WARN_BOOL_CONVERSION = YES;
				CLANG_WARN_COMMA = YES;
				CLANG_WARN_CONSTANT_CONVERSION = YES;
				CLANG_WARN_DEPRECATED_OBJC_IMPLEMENTATIONS = YES;
				CLANG_WARN_DIRECT_OBJC_ISA_USAGE = YES_ERROR;
				CLANG_WARN_DOCUMENTATION_COMMENTS = YES;
				CLANG_WARN_EMPTY_BODY = YES;
				CLANG_WARN_ENUM_CONVERSION = YES;
				CLANG_WARN_INFINITE_RECURSION = YES;
				CLANG_WARN_INT_CONVERSION = YES;
				CLANG_WARN_NON_LITERAL_NULL_CONVERSION = YES;
				CLANG_WARN_OBJC_IMPLICIT_RETAIN_SELF = YES;
				CLANG_WARN_OBJC_LITERAL_CONVERSION = YES;
				CLANG_WARN_OBJC_ROOT_CLASS = YES_ERROR;
				CLANG_WARN_QUOTED_INCLUDE_IN_FRAMEWORK_HEADER = YES;
				CLANG_WARN_RANGE_LOOP_ANALYSIS = YES;
				CLANG_WARN_STRICT_PROTOTYPES = YES;
				CLANG_WARN_SUSPICIOUS_MOVE = YES;
				CLANG_WARN_UNGUARDED_AVAILABILITY = YES_AGGRESSIVE;
				CLANG_WARN_UNREACHABLE_CODE = YES;
				CLANG_WARN__DUPLICATE_METHOD_MATCH = YES;
				COPY_PHASE_STRIP = NO;
				DEBUG_INFORMATION_FORMAT = dwarf;
				ENABLE_STRICT_OBJC_MSGSEND = YES;
				ENABLE_TESTABILITY = YES;
				ENABLE_USER_SCRIPT_SANDBOXING = YES;
				GCC_C_LANGUAGE_STANDARD = gnu17;
				GCC_DYNAMIC_NO_PIC = NO;
				GCC_NO_COMMON_BLOCKS = YES;
				GCC_OPTIMIZATION_LEVEL = 0;
				GCC_PREPROCESSOR_DEFINITIONS = (
					"DEBUG=1",
					"$(inherited)",
				);
				GCC_WARN_64_TO_32_BIT_CONVERSION = YES;
				GCC_WARN_ABOUT_RETURN_TYPE = YES_ERROR;
				GCC_WARN_UNDECLARED_SELECTOR = YES;
				GCC_WARN_UNINITIALIZED_AUTOS = YES_AGGRESSIVE;
				GCC_WARN_UNUSED_FUNCTION = YES;
				GCC_WARN_UNUSED_VARIABLE = YES;
				IPHONEOS_DEPLOYMENT_TARGET = 16.0;
				LOCALIZATION_PREFERS_STRING_CATALOGS = YES;
				MTL_ENABLE_DEBUG_INFO = INCLUDE_SOURCE;
				MTL_FAST_MATH = YES;
				ONLY_ACTIVE_ARCH = YES;
				SDKROOT = iphoneos;
				SWIFT_ACTIVE_COMPILATION_CONDITIONS = "DEBUG $(inherited)";
				SWIFT_EMIT_LOC_STRINGS = YES;
				SWIFT_OPTIMIZATION_LEVEL = "-Onone";
			};
			name = Debug;
		};
		A3C142342C89751600D3CEC0 /* Release */ = {
			isa = XCBuildConfiguration;
			buildSettings = {
				ALWAYS_SEARCH_USER_PATHS = NO;
				ASSETCATALOG_COMPILER_GENERATE_SWIFT_ASSET_SYMBOL_EXTENSIONS = YES;
				CLANG_ANALYZER_LOCALIZABILITY_NONLOCALIZED = YES;
				CLANG_ANALYZER_NONNULL = YES;
				CLANG_ANALYZER_NUMBER_OBJECT_CONVERSION = YES_AGGRESSIVE;
				CLANG_CXX_LANGUAGE_STANDARD = "gnu++20";
				CLANG_ENABLE_MODULES = YES;
				CLANG_ENABLE_OBJC_ARC = YES;
				CLANG_ENABLE_OBJC_WEAK = YES;
				CLANG_WARN_BLOCK_CAPTURE_AUTORELEASING = YES;
				CLANG_WARN_BOOL_CONVERSION = YES;
				CLANG_WARN_COMMA = YES;
				CLANG_WARN_CONSTANT_CONVERSION = YES;
				CLANG_WARN_DEPRECATED_OBJC_IMPLEMENTATIONS = YES;
				CLANG_WARN_DIRECT_OBJC_ISA_USAGE = YES_ERROR;
				CLANG_WARN_DOCUMENTATION_COMMENTS = YES;
				CLANG_WARN_EMPTY_BODY = YES;
				CLANG_WARN_ENUM_CONVERSION = YES;
				CLANG_WARN_INFINITE_RECURSION = YES;
				CLANG_WARN_INT_CONVERSION = YES;
				CLANG_WARN_NON_LITERAL_NULL_CONVERSION = YES;
				CLANG_WARN_OBJC_IMPLICIT_RETAIN_SELF = YES;
				CLANG_WARN_OBJC_LITERAL_CONVERSION = YES;
				CLANG_WARN_OBJC_ROOT_CLASS = YES_ERROR;
				CLANG_WARN_QUOTED_INCLUDE_IN_FRAMEWORK_HEADER = YES;
				CLANG_WARN_RANGE_LOOP_ANALYSIS = YES;
				CLANG_WARN_STRICT_PROTOTYPES = YES;
				CLANG_WARN_SUSPICIOUS_MOVE = YES;
				CLANG_WARN_UNGUARDED_AVAILABILITY = YES_AGGRESSIVE;
				CLANG_WARN_UNREACHABLE_CODE = YES;
				CLANG_WARN__DUPLICATE_METHOD_MATCH = YES;
				COPY_PHASE_STRIP = NO;
				DEBUG_INFORMATION_FORMAT = "dwarf-with-dsym";
				ENABLE_NS_ASSERTIONS = NO;
				ENABLE_STRICT_OBJC_MSGSEND = YES;
				ENABLE_USER_SCRIPT_SANDBOXING = YES;
				GCC_C_LANGUAGE_STANDARD = gnu17;
				GCC_NO_COMMON_BLOCKS = YES;
				GCC_WARN_64_TO_32_BIT_CONVERSION = YES;
				GCC_WARN_ABOUT_RETURN_TYPE = YES_ERROR;
				GCC_WARN_UNDECLARED_SELECTOR = YES;
				GCC_WARN_UNINITIALIZED_AUTOS = YES_AGGRESSIVE;
				GCC_WARN_UNUSED_FUNCTION = YES;
				GCC_WARN_UNUSED_VARIABLE = YES;
				IPHONEOS_DEPLOYMENT_TARGET = 16.0;
				LOCALIZATION_PREFERS_STRING_CATALOGS = YES;
				MTL_ENABLE_DEBUG_INFO = NO;
				MTL_FAST_MATH = YES;
				SDKROOT = iphoneos;
				SWIFT_COMPILATION_MODE = wholemodule;
				SWIFT_EMIT_LOC_STRINGS = YES;
				VALIDATE_PRODUCT = YES;
			};
			name = Release;
		};
		A3C142362C89751600D3CEC0 /* Debug */ = {
			isa = XCBuildConfiguration;
			buildSettings = {
				ASSETCATALOG_COMPILER_APPICON_NAME = AppIcon;
				ASSETCATALOG_COMPILER_GLOBAL_ACCENT_COLOR_NAME = AccentColor;
				CODE_SIGN_IDENTITY = "Apple Development";
				CODE_SIGN_STYLE = Automatic;
				CURRENT_PROJECT_VERSION = 20;
				DEVELOPMENT_ASSET_PATHS = "\"MMEX/Preview Content\"";
				DEVELOPMENT_TEAM = 3N3NHU8X3F;
				ENABLE_PREVIEWS = YES;
				GENERATE_INFOPLIST_FILE = YES;
				INFOPLIST_FILE = MMEX/Info.plist;
				INFOPLIST_KEY_CFBundleDisplayName = MMEX;
				INFOPLIST_KEY_LSApplicationCategoryType = "public.app-category.finance";
				INFOPLIST_KEY_UIApplicationSceneManifest_Generation = YES;
				INFOPLIST_KEY_UIApplicationSupportsIndirectInputEvents = YES;
				INFOPLIST_KEY_UILaunchScreen_Generation = YES;
				INFOPLIST_KEY_UISupportedInterfaceOrientations_iPad = "UIInterfaceOrientationPortrait UIInterfaceOrientationPortraitUpsideDown UIInterfaceOrientationLandscapeLeft UIInterfaceOrientationLandscapeRight";
				INFOPLIST_KEY_UISupportedInterfaceOrientations_iPhone = "UIInterfaceOrientationPortrait UIInterfaceOrientationLandscapeLeft UIInterfaceOrientationLandscapeRight";
				IPHONEOS_DEPLOYMENT_TARGET = 17.0;
				LD_RUNPATH_SEARCH_PATHS = (
					"$(inherited)",
					"@executable_path/Frameworks",
				);
				MARKETING_VERSION = 0.1.14;
				PRODUCT_BUNDLE_IDENTIFIER = com.guangong.mmex;
				PRODUCT_NAME = "$(TARGET_NAME)";
				PROVISIONING_PROFILE_SPECIFIER = "";
				SWIFT_EMIT_LOC_STRINGS = YES;
				SWIFT_VERSION = 5.0;
				TARGETED_DEVICE_FAMILY = "1,2";
			};
			name = Debug;
		};
		A3C142372C89751600D3CEC0 /* Release */ = {
			isa = XCBuildConfiguration;
			buildSettings = {
				ASSETCATALOG_COMPILER_APPICON_NAME = AppIcon;
				ASSETCATALOG_COMPILER_GLOBAL_ACCENT_COLOR_NAME = AccentColor;
				CODE_SIGN_IDENTITY = "Apple Development";
				CODE_SIGN_STYLE = Automatic;
				CURRENT_PROJECT_VERSION = 20;
				DEVELOPMENT_ASSET_PATHS = "\"MMEX/Preview Content\"";
				DEVELOPMENT_TEAM = 3N3NHU8X3F;
				ENABLE_PREVIEWS = YES;
				GENERATE_INFOPLIST_FILE = YES;
				INFOPLIST_FILE = MMEX/Info.plist;
				INFOPLIST_KEY_CFBundleDisplayName = MMEX;
				INFOPLIST_KEY_LSApplicationCategoryType = "public.app-category.finance";
				INFOPLIST_KEY_UIApplicationSceneManifest_Generation = YES;
				INFOPLIST_KEY_UIApplicationSupportsIndirectInputEvents = YES;
				INFOPLIST_KEY_UILaunchScreen_Generation = YES;
				INFOPLIST_KEY_UISupportedInterfaceOrientations_iPad = "UIInterfaceOrientationPortrait UIInterfaceOrientationPortraitUpsideDown UIInterfaceOrientationLandscapeLeft UIInterfaceOrientationLandscapeRight";
				INFOPLIST_KEY_UISupportedInterfaceOrientations_iPhone = "UIInterfaceOrientationPortrait UIInterfaceOrientationLandscapeLeft UIInterfaceOrientationLandscapeRight";
				IPHONEOS_DEPLOYMENT_TARGET = 17.0;
				LD_RUNPATH_SEARCH_PATHS = (
					"$(inherited)",
					"@executable_path/Frameworks",
				);
				MARKETING_VERSION = 0.1.14;
				PRODUCT_BUNDLE_IDENTIFIER = com.guangong.mmex;
				PRODUCT_NAME = "$(TARGET_NAME)";
				PROVISIONING_PROFILE_SPECIFIER = "";
				SWIFT_EMIT_LOC_STRINGS = YES;
				SWIFT_VERSION = 5.0;
				TARGETED_DEVICE_FAMILY = "1,2";
			};
			name = Release;
		};
/* End XCBuildConfiguration section */

/* Begin XCConfigurationList section */
		A3C142222C89751500D3CEC0 /* Build configuration list for PBXProject "MMEX" */ = {
			isa = XCConfigurationList;
			buildConfigurations = (
				A3C142332C89751600D3CEC0 /* Debug */,
				A3C142342C89751600D3CEC0 /* Release */,
			);
			defaultConfigurationIsVisible = 0;
			defaultConfigurationName = Debug;
		};
		A3C142352C89751600D3CEC0 /* Build configuration list for PBXNativeTarget "MMEX" */ = {
			isa = XCConfigurationList;
			buildConfigurations = (
				A3C142362C89751600D3CEC0 /* Debug */,
				A3C142372C89751600D3CEC0 /* Release */,
			);
			defaultConfigurationIsVisible = 0;
			defaultConfigurationName = Debug;
		};
/* End XCConfigurationList section */

/* Begin XCLocalSwiftPackageReference section */
		A3C142382C89754C00D3CEC0 /* XCLocalSwiftPackageReference "../SQLite.swift" */ = {
			isa = XCLocalSwiftPackageReference;
			relativePath = ../SQLite.swift;
		};
/* End XCLocalSwiftPackageReference section */

/* Begin XCSwiftPackageProductDependency section */
		A3B374C42C96A23E00943FDB /* SQLite */ = {
			isa = XCSwiftPackageProductDependency;
			productName = SQLite;
		};
		A3B374C62C96A27800943FDB /* SQLite */ = {
			isa = XCSwiftPackageProductDependency;
			productName = SQLite;
		};
		A3C142392C89754C00D3CEC0 /* SQLite */ = {
			isa = XCSwiftPackageProductDependency;
			productName = SQLite;
		};
/* End XCSwiftPackageProductDependency section */
	};
	rootObject = A3C1421F2C89751500D3CEC0 /* Project object */;
}
